
Microsoft Visual Studio Solution File, Format Version 12.00
# Visual Studio Version 17
VisualStudioVersion = 17.0.31903.59
MinimumVisualStudioVersion = 10.0.40219.1
Project("{FAE04EC0-301F-11D3-BF4B-00C04F79EFBC}") = "CustomerService.API", "CustomerService.API\CustomerService.API.csproj", "{3B764485-BCC0-4AA9-8A0A-94F5DD76EA91}"
EndProject
Project("{FAE04EC0-301F-11D3-BF4B-00C04F79EFBC}") = "CustomerService.Application", "CustomerService.Application\CustomerService.Application.csproj", "{D6E07692-CA20-4E41-988E-24E160D43CEB}"
EndProject
Project("{FAE04EC0-301F-11D3-BF4B-00C04F79EFBC}") = "CustomerService.Domain", "CustomerService.Domain\CustomerService.Domain.csproj", "{E340159B-0D42-4415-9865-3B057F32FC0D}"
EndProject
Project("{FAE04EC0-301F-11D3-BF4B-00C04F79EFBC}") = "CustomerService.Infrastructure", "CustomerService.Infrastructure\CustomerService.Infrastructure.csproj", "{8B8545F6-6513-4580-82B7-B33FA0818BD5}"
EndProject
Global
	GlobalSection(SolutionConfigurationPlatforms) = preSolution
		Debug|Any CPU = Debug|Any CPU
		Release|Any CPU = Release|Any CPU
	EndGlobalSection
	GlobalSection(SolutionProperties) = preSolution
		HideSolutionNode = FALSE
	EndGlobalSection
	GlobalSection(ProjectConfigurationPlatforms) = postSolution
		{3B764485-BCC0-4AA9-8A0A-94F5DD76EA91}.Debug|Any CPU.ActiveCfg = Debug|Any CPU
		{3B764485-BCC0-4AA9-8A0A-94F5DD76EA91}.Debug|Any CPU.Build.0 = Debug|Any CPU
		{3B764485-BCC0-4AA9-8A0A-94F5DD76EA91}.Release|Any CPU.ActiveCfg = Release|Any CPU
		{3B764485-BCC0-4AA9-8A0A-94F5DD76EA91}.Release|Any CPU.Build.0 = Release|Any CPU
		{D6E07692-CA20-4E41-988E-24E160D43CEB}.Debug|Any CPU.ActiveCfg = Debug|Any CPU
		{D6E07692-CA20-4E41-988E-24E160D43CEB}.Debug|Any CPU.Build.0 = Debug|Any CPU
		{D6E07692-CA20-4E41-988E-24E160D43CEB}.Release|Any CPU.ActiveCfg = Release|Any CPU
		{D6E07692-CA20-4E41-988E-24E160D43CEB}.Release|Any CPU.Build.0 = Release|Any CPU
		{E340159B-0D42-4415-9865-3B057F32FC0D}.Debug|Any CPU.ActiveCfg = Debug|Any CPU
		{E340159B-0D42-4415-9865-3B057F32FC0D}.Debug|Any CPU.Build.0 = Debug|Any CPU
		{E340159B-0D42-4415-9865-3B057F32FC0D}.Release|Any CPU.ActiveCfg = Release|Any CPU
		{E340159B-0D42-4415-9865-3B057F32FC0D}.Release|Any CPU.Build.0 = Release|Any CPU
		{8B8545F6-6513-4580-82B7-B33FA0818BD5}.Debug|Any CPU.ActiveCfg = Debug|Any CPU
		{8B8545F6-6513-4580-82B7-B33FA0818BD5}.Debug|Any CPU.Build.0 = Debug|Any CPU
		{8B8545F6-6513-4580-82B7-B33FA0818BD5}.Release|Any CPU.ActiveCfg = Release|Any CPU
		{8B8545F6-6513-4580-82B7-B33FA0818BD5}.Release|Any CPU.Build.0 = Release|Any CPU
	EndGlobalSection
EndGlobal
