
Microsoft Visual Studio Solution File, Format Version 12.00
# Visual Studio Version 17
VisualStudioVersion = 17.0.31903.59
MinimumVisualStudioVersion = 10.0.40219.1
Project("{2150E333-8FDC-42A3-9474-1A3956D46DE8}") = "customer-service", "customer-service", "{D59250EF-F336-4F6B-9072-60420AC872B2}"
EndProject
Project("{2150E333-8FDC-42A3-9474-1A3956D46DE8}") = "src", "src", "{C3134F52-0DCA-424E-9DAD-2D4CEEF19195}"
EndProject
Project("{FAE04EC0-301F-11D3-BF4B-00C04F79EFBC}") = "CustomerService.API", "customer-service\src\CustomerService.API\CustomerService.API.csproj", "{05919345-EA2C-4D15-A890-1AA93AE14EE0}"
EndProject
Project("{FAE04EC0-301F-11D3-BF4B-00C04F79EFBC}") = "CustomerService.Application", "customer-service\src\CustomerService.Application\CustomerService.Application.csproj", "{9E1BF04D-FA7A-418A-A0E1-F8D743B69182}"
EndProject
Project("{FAE04EC0-301F-11D3-BF4B-00C04F79EFBC}") = "CustomerService.Domain", "customer-service\src\CustomerService.Domain\CustomerService.Domain.csproj", "{C9D6C731-1444-4DA7-9FEA-92EEE8B0AE51}"
EndProject
Project("{FAE04EC0-301F-11D3-BF4B-00C04F79EFBC}") = "CustomerService.Infrastructure", "customer-service\src\CustomerService.Infrastructure\CustomerService.Infrastructure.csproj", "{32A69314-4549-4791-B5E0-37CD9F28B6D7}"
EndProject
Project("{2150E333-8FDC-42A3-9474-1A3956D46DE8}") = "identity-service", "identity-service", "{580ECFC4-5141-492A-83FB-F3A6C9A92F95}"
EndProject
Project("{2150E333-8FDC-42A3-9474-1A3956D46DE8}") = "src", "src", "{C5CA70D2-3687-4D2E-8133-F0A464E5D671}"
EndProject
Project("{FAE04EC0-301F-11D3-BF4B-00C04F79EFBC}") = "IdentityService.API", "identity-service\src\IdentityService.API\IdentityService.API.csproj", "{B462633A-F6F2-49F4-AD51-134E180D4D3E}"
EndProject
Project("{FAE04EC0-301F-11D3-BF4B-00C04F79EFBC}") = "IdentityService.Application", "identity-service\src\IdentityService.Application\IdentityService.Application.csproj", "{9635C4CF-BF5B-44F2-93C2-51301AB17AC4}"
EndProject
Project("{FAE04EC0-301F-11D3-BF4B-00C04F79EFBC}") = "IdentityService.Domain", "identity-service\src\IdentityService.Domain\IdentityService.Domain.csproj", "{E8869CF4-A8FB-4E7D-8C4E-2E897421DB8E}"
EndProject
Project("{FAE04EC0-301F-11D3-BF4B-00C04F79EFBC}") = "IdentityService.Infrastructure", "identity-service\src\IdentityService.Infrastructure\IdentityService.Infrastructure.csproj", "{AC36ADA2-8F6B-41AB-8417-AB76A93B78F4}"
EndProject
Project("{2150E333-8FDC-42A3-9474-1A3956D46DE8}") = "inventory-service", "inventory-service", "{D04AEAEF-04FC-412C-98C1-F176AE49654D}"
EndProject
Project("{2150E333-8FDC-42A3-9474-1A3956D46DE8}") = "src", "src", "{3C379558-B9EA-45AA-8A6C-84B30082B366}"
EndProject
Project("{FAE04EC0-301F-11D3-BF4B-00C04F79EFBC}") = "InventoryService.API", "inventory-service\src\InventoryService.API\InventoryService.API.csproj", "{63448985-FBC3-46A9-A38F-C766D8CFD76D}"
EndProject
Project("{FAE04EC0-301F-11D3-BF4B-00C04F79EFBC}") = "InventoryService.Application", "inventory-service\src\InventoryService.Application\InventoryService.Application.csproj", "{B87CD65C-267E-4624-ABA6-E22B570C5B86}"
EndProject
Project("{FAE04EC0-301F-11D3-BF4B-00C04F79EFBC}") = "InventoryService.Domain", "inventory-service\src\InventoryService.Domain\InventoryService.Domain.csproj", "{AD35EAF9-B54D-40EF-888A-C0030E3C07F4}"
EndProject
Project("{FAE04EC0-301F-11D3-BF4B-00C04F79EFBC}") = "InventoryService.Infrastructure", "inventory-service\src\InventoryService.Infrastructure\InventoryService.Infrastructure.csproj", "{CE7E8B1E-3BF6-42BF-AEB8-935F59C4346A}"
EndProject
Project("{2150E333-8FDC-42A3-9474-1A3956D46DE8}") = "order-service", "order-service", "{46B4BFBF-8CCB-4A7F-9D15-F678ABF494A4}"
EndProject
Project("{2150E333-8FDC-42A3-9474-1A3956D46DE8}") = "src", "src", "{62959990-4A53-458F-B35F-9AF1691E7EB5}"
EndProject
Project("{FAE04EC0-301F-11D3-BF4B-00C04F79EFBC}") = "OrderService.API", "order-service\src\OrderService.API\OrderService.API.csproj", "{25217AAB-155C-43B4-A5D9-00327EC13CA1}"
EndProject
Project("{FAE04EC0-301F-11D3-BF4B-00C04F79EFBC}") = "OrderService.Application", "order-service\src\OrderService.Application\OrderService.Application.csproj", "{45C96522-EB4E-4314-9F5F-399472DA746A}"
EndProject
Project("{FAE04EC0-301F-11D3-BF4B-00C04F79EFBC}") = "OrderService.Domain", "order-service\src\OrderService.Domain\OrderService.Domain.csproj", "{01515FA5-66A3-4D9F-81F4-BABAB19EAB46}"
EndProject
Project("{FAE04EC0-301F-11D3-BF4B-00C04F79EFBC}") = "OrderService.Infrastructure", "order-service\src\OrderService.Infrastructure\OrderService.Infrastructure.csproj", "{CDC4EE61-5F51-4A63-BBB0-3212F2657508}"
EndProject
Project("{2150E333-8FDC-42A3-9474-1A3956D46DE8}") = "payment-service", "payment-service", "{225CD588-3E4E-41E6-9E24-84DF49103A1C}"
EndProject
Project("{2150E333-8FDC-42A3-9474-1A3956D46DE8}") = "src", "src", "{B3D951C1-C37A-4E50-AA1F-1A07CA38146B}"
EndProject
Project("{FAE04EC0-301F-11D3-BF4B-00C04F79EFBC}") = "PaymentService.API", "payment-service\src\PaymentService.API\PaymentService.API.csproj", "{E4E6B95E-75B0-4B8E-A281-8CE336774C6F}"
EndProject
Project("{FAE04EC0-301F-11D3-BF4B-00C04F79EFBC}") = "PaymentService.Application", "payment-service\src\PaymentService.Application\PaymentService.Application.csproj", "{B195277E-BD84-4A7F-A0C7-A9ABAA9AD592}"
EndProject
Project("{FAE04EC0-301F-11D3-BF4B-00C04F79EFBC}") = "PaymentService.Domain", "payment-service\src\PaymentService.Domain\PaymentService.Domain.csproj", "{785E90B4-3F06-462B-87B0-F0C2AC3DE23C}"
EndProject
Project("{FAE04EC0-301F-11D3-BF4B-00C04F79EFBC}") = "PaymentService.Infrastructure", "payment-service\src\PaymentService.Infrastructure\PaymentService.Infrastructure.csproj", "{9E29BA77-B71B-487C-8703-D5CC6E7702C7}"
EndProject
Project("{2150E333-8FDC-42A3-9474-1A3956D46DE8}") = "product-service", "product-service", "{57341387-0273-440A-802B-BC3384FA3F9E}"
EndProject
Project("{2150E333-8FDC-42A3-9474-1A3956D46DE8}") = "src", "src", "{9362DDBA-192C-4876-AB92-93306B9FEB5B}"
EndProject
Project("{FAE04EC0-301F-11D3-BF4B-00C04F79EFBC}") = "ProductService.API", "product-service\src\ProductService.API\ProductService.API.csproj", "{E327911C-61D8-4B71-A2D9-233B7CEC520D}"
EndProject
Project("{FAE04EC0-301F-11D3-BF4B-00C04F79EFBC}") = "ProductService.Application", "product-service\src\ProductService.Application\ProductService.Application.csproj", "{34AF9A3C-95D2-4FD1-B5A7-5B91CC6B7AAF}"
EndProject
Project("{FAE04EC0-301F-11D3-BF4B-00C04F79EFBC}") = "ProductService.Domain", "product-service\src\ProductService.Domain\ProductService.Domain.csproj", "{E61FDFC6-4FF5-4EFC-953C-B352356EBB3A}"
EndProject
Project("{FAE04EC0-301F-11D3-BF4B-00C04F79EFBC}") = "ProductService.Infrastructure", "product-service\src\ProductService.Infrastructure\ProductService.Infrastructure.csproj", "{BEB2984D-369E-4032-A4EC-A973F27C18B4}"
EndProject
Project("{2150E333-8FDC-42A3-9474-1A3956D46DE8}") = "user-service", "user-service", "{159EACF1-264A-46C5-9D35-B2B1E29C00C6}"
EndProject
Project("{2150E333-8FDC-42A3-9474-1A3956D46DE8}") = "src", "src", "{C40651D1-DBDD-4418-B85E-0E1E3AD76C56}"
EndProject
Project("{FAE04EC0-301F-11D3-BF4B-00C04F79EFBC}") = "UserService.API", "user-service\src\UserService.API\UserService.API.csproj", "{E265430B-17DC-49C3-8B84-137F9AB446A2}"
EndProject
Project("{FAE04EC0-301F-11D3-BF4B-00C04F79EFBC}") = "UserService.Application", "user-service\src\UserService.Application\UserService.Application.csproj", "{8ED5DBDB-5D4E-4B1B-83FB-7B60863BFFC4}"
EndProject
Project("{FAE04EC0-301F-11D3-BF4B-00C04F79EFBC}") = "UserService.Domain", "user-service\src\UserService.Domain\UserService.Domain.csproj", "{2ECA91FF-4731-45D3-AEA8-B7C4520A701F}"
EndProject
Project("{FAE04EC0-301F-11D3-BF4B-00C04F79EFBC}") = "UserService.Infrastructure", "user-service\src\UserService.Infrastructure\UserService.Infrastructure.csproj", "{B9B600E3-2BBE-46AA-A3DD-B586C5F3F126}"
EndProject
Global
	GlobalSection(SolutionConfigurationPlatforms) = preSolution
		Debug|Any CPU = Debug|Any CPU
		Release|Any CPU = Release|Any CPU
	EndGlobalSection
	GlobalSection(SolutionProperties) = preSolution
		HideSolutionNode = FALSE
	EndGlobalSection
	GlobalSection(ProjectConfigurationPlatforms) = postSolution
		{05919345-EA2C-4D15-A890-1AA93AE14EE0}.Debug|Any CPU.ActiveCfg = Debug|Any CPU
		{05919345-EA2C-4D15-A890-1AA93AE14EE0}.Debug|Any CPU.Build.0 = Debug|Any CPU
		{05919345-EA2C-4D15-A890-1AA93AE14EE0}.Release|Any CPU.ActiveCfg = Release|Any CPU
		{05919345-EA2C-4D15-A890-1AA93AE14EE0}.Release|Any CPU.Build.0 = Release|Any CPU
		{9E1BF04D-FA7A-418A-A0E1-F8D743B69182}.Debug|Any CPU.ActiveCfg = Debug|Any CPU
		{9E1BF04D-FA7A-418A-A0E1-F8D743B69182}.Debug|Any CPU.Build.0 = Debug|Any CPU
		{9E1BF04D-FA7A-418A-A0E1-F8D743B69182}.Release|Any CPU.ActiveCfg = Release|Any CPU
		{9E1BF04D-FA7A-418A-A0E1-F8D743B69182}.Release|Any CPU.Build.0 = Release|Any CPU
		{C9D6C731-1444-4DA7-9FEA-92EEE8B0AE51}.Debug|Any CPU.ActiveCfg = Debug|Any CPU
		{C9D6C731-1444-4DA7-9FEA-92EEE8B0AE51}.Debug|Any CPU.Build.0 = Debug|Any CPU
		{C9D6C731-1444-4DA7-9FEA-92EEE8B0AE51}.Release|Any CPU.ActiveCfg = Release|Any CPU
		{C9D6C731-1444-4DA7-9FEA-92EEE8B0AE51}.Release|Any CPU.Build.0 = Release|Any CPU
		{32A69314-4549-4791-B5E0-37CD9F28B6D7}.Debug|Any CPU.ActiveCfg = Debug|Any CPU
		{32A69314-4549-4791-B5E0-37CD9F28B6D7}.Debug|Any CPU.Build.0 = Debug|Any CPU
		{32A69314-4549-4791-B5E0-37CD9F28B6D7}.Release|Any CPU.ActiveCfg = Release|Any CPU
		{32A69314-4549-4791-B5E0-37CD9F28B6D7}.Release|Any CPU.Build.0 = Release|Any CPU
		{B462633A-F6F2-49F4-AD51-134E180D4D3E}.Debug|Any CPU.ActiveCfg = Debug|Any CPU
		{B462633A-F6F2-49F4-AD51-134E180D4D3E}.Debug|Any CPU.Build.0 = Debug|Any CPU
		{B462633A-F6F2-49F4-AD51-134E180D4D3E}.Release|Any CPU.ActiveCfg = Release|Any CPU
		{B462633A-F6F2-49F4-AD51-134E180D4D3E}.Release|Any CPU.Build.0 = Release|Any CPU
		{9635C4CF-BF5B-44F2-93C2-51301AB17AC4}.Debug|Any CPU.ActiveCfg = Debug|Any CPU
		{9635C4CF-BF5B-44F2-93C2-51301AB17AC4}.Debug|Any CPU.Build.0 = Debug|Any CPU
		{9635C4CF-BF5B-44F2-93C2-51301AB17AC4}.Release|Any CPU.ActiveCfg = Release|Any CPU
		{9635C4CF-BF5B-44F2-93C2-51301AB17AC4}.Release|Any CPU.Build.0 = Release|Any CPU
		{E8869CF4-A8FB-4E7D-8C4E-2E897421DB8E}.Debug|Any CPU.ActiveCfg = Debug|Any CPU
		{E8869CF4-A8FB-4E7D-8C4E-2E897421DB8E}.Debug|Any CPU.Build.0 = Debug|Any CPU
		{E8869CF4-A8FB-4E7D-8C4E-2E897421DB8E}.Release|Any CPU.ActiveCfg = Release|Any CPU
		{E8869CF4-A8FB-4E7D-8C4E-2E897421DB8E}.Release|Any CPU.Build.0 = Release|Any CPU
		{AC36ADA2-8F6B-41AB-8417-AB76A93B78F4}.Debug|Any CPU.ActiveCfg = Debug|Any CPU
		{AC36ADA2-8F6B-41AB-8417-AB76A93B78F4}.Debug|Any CPU.Build.0 = Debug|Any CPU
		{AC36ADA2-8F6B-41AB-8417-AB76A93B78F4}.Release|Any CPU.ActiveCfg = Release|Any CPU
		{AC36ADA2-8F6B-41AB-8417-AB76A93B78F4}.Release|Any CPU.Build.0 = Release|Any CPU
		{63448985-FBC3-46A9-A38F-C766D8CFD76D}.Debug|Any CPU.ActiveCfg = Debug|Any CPU
		{63448985-FBC3-46A9-A38F-C766D8CFD76D}.Debug|Any CPU.Build.0 = Debug|Any CPU
		{63448985-FBC3-46A9-A38F-C766D8CFD76D}.Release|Any CPU.ActiveCfg = Release|Any CPU
		{63448985-FBC3-46A9-A38F-C766D8CFD76D}.Release|Any CPU.Build.0 = Release|Any CPU
		{B87CD65C-267E-4624-ABA6-E22B570C5B86}.Debug|Any CPU.ActiveCfg = Debug|Any CPU
		{B87CD65C-267E-4624-ABA6-E22B570C5B86}.Debug|Any CPU.Build.0 = Debug|Any CPU
		{B87CD65C-267E-4624-ABA6-E22B570C5B86}.Release|Any CPU.ActiveCfg = Release|Any CPU
		{B87CD65C-267E-4624-ABA6-E22B570C5B86}.Release|Any CPU.Build.0 = Release|Any CPU
		{AD35EAF9-B54D-40EF-888A-C0030E3C07F4}.Debug|Any CPU.ActiveCfg = Debug|Any CPU
		{AD35EAF9-B54D-40EF-888A-C0030E3C07F4}.Debug|Any CPU.Build.0 = Debug|Any CPU
		{AD35EAF9-B54D-40EF-888A-C0030E3C07F4}.Release|Any CPU.ActiveCfg = Release|Any CPU
		{AD35EAF9-B54D-40EF-888A-C0030E3C07F4}.Release|Any CPU.Build.0 = Release|Any CPU
		{CE7E8B1E-3BF6-42BF-AEB8-935F59C4346A}.Debug|Any CPU.ActiveCfg = Debug|Any CPU
		{CE7E8B1E-3BF6-42BF-AEB8-935F59C4346A}.Debug|Any CPU.Build.0 = Debug|Any CPU
		{CE7E8B1E-3BF6-42BF-AEB8-935F59C4346A}.Release|Any CPU.ActiveCfg = Release|Any CPU
		{CE7E8B1E-3BF6-42BF-AEB8-935F59C4346A}.Release|Any CPU.Build.0 = Release|Any CPU
		{25217AAB-155C-43B4-A5D9-00327EC13CA1}.Debug|Any CPU.ActiveCfg = Debug|Any CPU
		{25217AAB-155C-43B4-A5D9-00327EC13CA1}.Debug|Any CPU.Build.0 = Debug|Any CPU
		{25217AAB-155C-43B4-A5D9-00327EC13CA1}.Release|Any CPU.ActiveCfg = Release|Any CPU
		{25217AAB-155C-43B4-A5D9-00327EC13CA1}.Release|Any CPU.Build.0 = Release|Any CPU
		{45C96522-EB4E-4314-9F5F-399472DA746A}.Debug|Any CPU.ActiveCfg = Debug|Any CPU
		{45C96522-EB4E-4314-9F5F-399472DA746A}.Debug|Any CPU.Build.0 = Debug|Any CPU
		{45C96522-EB4E-4314-9F5F-399472DA746A}.Release|Any CPU.ActiveCfg = Release|Any CPU
		{45C96522-EB4E-4314-9F5F-399472DA746A}.Release|Any CPU.Build.0 = Release|Any CPU
		{01515FA5-66A3-4D9F-81F4-BABAB19EAB46}.Debug|Any CPU.ActiveCfg = Debug|Any CPU
		{01515FA5-66A3-4D9F-81F4-BABAB19EAB46}.Debug|Any CPU.Build.0 = Debug|Any CPU
		{01515FA5-66A3-4D9F-81F4-BABAB19EAB46}.Release|Any CPU.ActiveCfg = Release|Any CPU
		{01515FA5-66A3-4D9F-81F4-BABAB19EAB46}.Release|Any CPU.Build.0 = Release|Any CPU
		{CDC4EE61-5F51-4A63-BBB0-3212F2657508}.Debug|Any CPU.ActiveCfg = Debug|Any CPU
		{CDC4EE61-5F51-4A63-BBB0-3212F2657508}.Debug|Any CPU.Build.0 = Debug|Any CPU
		{CDC4EE61-5F51-4A63-BBB0-3212F2657508}.Release|Any CPU.ActiveCfg = Release|Any CPU
		{CDC4EE61-5F51-4A63-BBB0-3212F2657508}.Release|Any CPU.Build.0 = Release|Any CPU
		{E4E6B95E-75B0-4B8E-A281-8CE336774C6F}.Debug|Any CPU.ActiveCfg = Debug|Any CPU
		{E4E6B95E-75B0-4B8E-A281-8CE336774C6F}.Debug|Any CPU.Build.0 = Debug|Any CPU
		{E4E6B95E-75B0-4B8E-A281-8CE336774C6F}.Release|Any CPU.ActiveCfg = Release|Any CPU
		{E4E6B95E-75B0-4B8E-A281-8CE336774C6F}.Release|Any CPU.Build.0 = Release|Any CPU
		{B195277E-BD84-4A7F-A0C7-A9ABAA9AD592}.Debug|Any CPU.ActiveCfg = Debug|Any CPU
		{B195277E-BD84-4A7F-A0C7-A9ABAA9AD592}.Debug|Any CPU.Build.0 = Debug|Any CPU
		{B195277E-BD84-4A7F-A0C7-A9ABAA9AD592}.Release|Any CPU.ActiveCfg = Release|Any CPU
		{B195277E-BD84-4A7F-A0C7-A9ABAA9AD592}.Release|Any CPU.Build.0 = Release|Any CPU
		{785E90B4-3F06-462B-87B0-F0C2AC3DE23C}.Debug|Any CPU.ActiveCfg = Debug|Any CPU
		{785E90B4-3F06-462B-87B0-F0C2AC3DE23C}.Debug|Any CPU.Build.0 = Debug|Any CPU
		{785E90B4-3F06-462B-87B0-F0C2AC3DE23C}.Release|Any CPU.ActiveCfg = Release|Any CPU
		{785E90B4-3F06-462B-87B0-F0C2AC3DE23C}.Release|Any CPU.Build.0 = Release|Any CPU
		{9E29BA77-B71B-487C-8703-D5CC6E7702C7}.Debug|Any CPU.ActiveCfg = Debug|Any CPU
		{9E29BA77-B71B-487C-8703-D5CC6E7702C7}.Debug|Any CPU.Build.0 = Debug|Any CPU
		{9E29BA77-B71B-487C-8703-D5CC6E7702C7}.Release|Any CPU.ActiveCfg = Release|Any CPU
		{9E29BA77-B71B-487C-8703-D5CC6E7702C7}.Release|Any CPU.Build.0 = Release|Any CPU
		{E327911C-61D8-4B71-A2D9-233B7CEC520D}.Debug|Any CPU.ActiveCfg = Debug|Any CPU
		{E327911C-61D8-4B71-A2D9-233B7CEC520D}.Debug|Any CPU.Build.0 = Debug|Any CPU
		{E327911C-61D8-4B71-A2D9-233B7CEC520D}.Release|Any CPU.ActiveCfg = Release|Any CPU
		{E327911C-61D8-4B71-A2D9-233B7CEC520D}.Release|Any CPU.Build.0 = Release|Any CPU
		{34AF9A3C-95D2-4FD1-B5A7-5B91CC6B7AAF}.Debug|Any CPU.ActiveCfg = Debug|Any CPU
		{34AF9A3C-95D2-4FD1-B5A7-5B91CC6B7AAF}.Debug|Any CPU.Build.0 = Debug|Any CPU
		{34AF9A3C-95D2-4FD1-B5A7-5B91CC6B7AAF}.Release|Any CPU.ActiveCfg = Release|Any CPU
		{34AF9A3C-95D2-4FD1-B5A7-5B91CC6B7AAF}.Release|Any CPU.Build.0 = Release|Any CPU
		{E61FDFC6-4FF5-4EFC-953C-B352356EBB3A}.Debug|Any CPU.ActiveCfg = Debug|Any CPU
		{E61FDFC6-4FF5-4EFC-953C-B352356EBB3A}.Debug|Any CPU.Build.0 = Debug|Any CPU
		{E61FDFC6-4FF5-4EFC-953C-B352356EBB3A}.Release|Any CPU.ActiveCfg = Release|Any CPU
		{E61FDFC6-4FF5-4EFC-953C-B352356EBB3A}.Release|Any CPU.Build.0 = Release|Any CPU
		{BEB2984D-369E-4032-A4EC-A973F27C18B4}.Debug|Any CPU.ActiveCfg = Debug|Any CPU
		{BEB2984D-369E-4032-A4EC-A973F27C18B4}.Debug|Any CPU.Build.0 = Debug|Any CPU
		{BEB2984D-369E-4032-A4EC-A973F27C18B4}.Release|Any CPU.ActiveCfg = Release|Any CPU
		{BEB2984D-369E-4032-A4EC-A973F27C18B4}.Release|Any CPU.Build.0 = Release|Any CPU
		{E265430B-17DC-49C3-8B84-137F9AB446A2}.Debug|Any CPU.ActiveCfg = Debug|Any CPU
		{E265430B-17DC-49C3-8B84-137F9AB446A2}.Debug|Any CPU.Build.0 = Debug|Any CPU
		{E265430B-17DC-49C3-8B84-137F9AB446A2}.Release|Any CPU.ActiveCfg = Release|Any CPU
		{E265430B-17DC-49C3-8B84-137F9AB446A2}.Release|Any CPU.Build.0 = Release|Any CPU
		{8ED5DBDB-5D4E-4B1B-83FB-7B60863BFFC4}.Debug|Any CPU.ActiveCfg = Debug|Any CPU
		{8ED5DBDB-5D4E-4B1B-83FB-7B60863BFFC4}.Debug|Any CPU.Build.0 = Debug|Any CPU
		{8ED5DBDB-5D4E-4B1B-83FB-7B60863BFFC4}.Release|Any CPU.ActiveCfg = Release|Any CPU
		{8ED5DBDB-5D4E-4B1B-83FB-7B60863BFFC4}.Release|Any CPU.Build.0 = Release|Any CPU
		{2ECA91FF-4731-45D3-AEA8-B7C4520A701F}.Debug|Any CPU.ActiveCfg = Debug|Any CPU
		{2ECA91FF-4731-45D3-AEA8-B7C4520A701F}.Debug|Any CPU.Build.0 = Debug|Any CPU
		{2ECA91FF-4731-45D3-AEA8-B7C4520A701F}.Release|Any CPU.ActiveCfg = Release|Any CPU
		{2ECA91FF-4731-45D3-AEA8-B7C4520A701F}.Release|Any CPU.Build.0 = Release|Any CPU
		{B9B600E3-2BBE-46AA-A3DD-B586C5F3F126}.Debug|Any CPU.ActiveCfg = Debug|Any CPU
		{B9B600E3-2BBE-46AA-A3DD-B586C5F3F126}.Debug|Any CPU.Build.0 = Debug|Any CPU
		{B9B600E3-2BBE-46AA-A3DD-B586C5F3F126}.Release|Any CPU.ActiveCfg = Release|Any CPU
		{B9B600E3-2BBE-46AA-A3DD-B586C5F3F126}.Release|Any CPU.Build.0 = Release|Any CPU
	EndGlobalSection
	GlobalSection(NestedProjects) = preSolution
		{C3134F52-0DCA-424E-9DAD-2D4CEEF19195} = {D59250EF-F336-4F6B-9072-60420AC872B2}
		{05919345-EA2C-4D15-A890-1AA93AE14EE0} = {C3134F52-0DCA-424E-9DAD-2D4CEEF19195}
		{9E1BF04D-FA7A-418A-A0E1-F8D743B69182} = {C3134F52-0DCA-424E-9DAD-2D4CEEF19195}
		{C9D6C731-1444-4DA7-9FEA-92EEE8B0AE51} = {C3134F52-0DCA-424E-9DAD-2D4CEEF19195}
		{32A69314-4549-4791-B5E0-37CD9F28B6D7} = {C3134F52-0DCA-424E-9DAD-2D4CEEF19195}
		{C5CA70D2-3687-4D2E-8133-F0A464E5D671} = {580ECFC4-5141-492A-83FB-F3A6C9A92F95}
		{B462633A-F6F2-49F4-AD51-134E180D4D3E} = {C5CA70D2-3687-4D2E-8133-F0A464E5D671}
		{9635C4CF-BF5B-44F2-93C2-51301AB17AC4} = {C5CA70D2-3687-4D2E-8133-F0A464E5D671}
		{E8869CF4-A8FB-4E7D-8C4E-2E897421DB8E} = {C5CA70D2-3687-4D2E-8133-F0A464E5D671}
		{AC36ADA2-8F6B-41AB-8417-AB76A93B78F4} = {C5CA70D2-3687-4D2E-8133-F0A464E5D671}
		{3C379558-B9EA-45AA-8A6C-84B30082B366} = {D04AEAEF-04FC-412C-98C1-F176AE49654D}
		{63448985-FBC3-46A9-A38F-C766D8CFD76D} = {3C379558-B9EA-45AA-8A6C-84B30082B366}
		{B87CD65C-267E-4624-ABA6-E22B570C5B86} = {3C379558-B9EA-45AA-8A6C-84B30082B366}
		{AD35EAF9-B54D-40EF-888A-C0030E3C07F4} = {3C379558-B9EA-45AA-8A6C-84B30082B366}
		{CE7E8B1E-3BF6-42BF-AEB8-935F59C4346A} = {3C379558-B9EA-45AA-8A6C-84B30082B366}
		{62959990-4A53-458F-B35F-9AF1691E7EB5} = {46B4BFBF-8CCB-4A7F-9D15-F678ABF494A4}
		{25217AAB-155C-43B4-A5D9-00327EC13CA1} = {62959990-4A53-458F-B35F-9AF1691E7EB5}
		{45C96522-EB4E-4314-9F5F-399472DA746A} = {62959990-4A53-458F-B35F-9AF1691E7EB5}
		{01515FA5-66A3-4D9F-81F4-BABAB19EAB46} = {62959990-4A53-458F-B35F-9AF1691E7EB5}
		{CDC4EE61-5F51-4A63-BBB0-3212F2657508} = {62959990-4A53-458F-B35F-9AF1691E7EB5}
		{B3D951C1-C37A-4E50-AA1F-1A07CA38146B} = {225CD588-3E4E-41E6-9E24-84DF49103A1C}
		{E4E6B95E-75B0-4B8E-A281-8CE336774C6F} = {B3D951C1-C37A-4E50-AA1F-1A07CA38146B}
		{B195277E-BD84-4A7F-A0C7-A9ABAA9AD592} = {B3D951C1-C37A-4E50-AA1F-1A07CA38146B}
		{785E90B4-3F06-462B-87B0-F0C2AC3DE23C} = {B3D951C1-C37A-4E50-AA1F-1A07CA38146B}
		{9E29BA77-B71B-487C-8703-D5CC6E7702C7} = {B3D951C1-C37A-4E50-AA1F-1A07CA38146B}
		{9362DDBA-192C-4876-AB92-93306B9FEB5B} = {57341387-0273-440A-802B-BC3384FA3F9E}
		{E327911C-61D8-4B71-A2D9-233B7CEC520D} = {9362DDBA-192C-4876-AB92-93306B9FEB5B}
		{34AF9A3C-95D2-4FD1-B5A7-5B91CC6B7AAF} = {9362DDBA-192C-4876-AB92-93306B9FEB5B}
		{E61FDFC6-4FF5-4EFC-953C-B352356EBB3A} = {9362DDBA-192C-4876-AB92-93306B9FEB5B}
		{BEB2984D-369E-4032-A4EC-A973F27C18B4} = {9362DDBA-192C-4876-AB92-93306B9FEB5B}
		{C40651D1-DBDD-4418-B85E-0E1E3AD76C56} = {159EACF1-264A-46C5-9D35-B2B1E29C00C6}
		{E265430B-17DC-49C3-8B84-137F9AB446A2} = {C40651D1-DBDD-4418-B85E-0E1E3AD76C56}
		{8ED5DBDB-5D4E-4B1B-83FB-7B60863BFFC4} = {C40651D1-DBDD-4418-B85E-0E1E3AD76C56}
		{2ECA91FF-4731-45D3-AEA8-B7C4520A701F} = {C40651D1-DBDD-4418-B85E-0E1E3AD76C56}
		{B9B600E3-2BBE-46AA-A3DD-B586C5F3F126} = {C40651D1-DBDD-4418-B85E-0E1E3AD76C56}
	EndGlobalSection
EndGlobal
