
Microsoft Visual Studio Solution File, Format Version 12.00
# Visual Studio Version 17
VisualStudioVersion = 17.0.31903.59
MinimumVisualStudioVersion = 10.0.40219.1
Project("{FAE04EC0-301F-11D3-BF4B-00C04F79EFBC}") = "Platform.Core", "Platform.Core\Platform.Core.csproj", "{B4353696-60B6-478E-8008-3D0C022CC082}"
EndProject
Project("{2150E333-8FDC-42A3-9474-1A3956D46DE8}") = "services", "services", "{96F0D564-E69A-43AF-A4EE-C08941536CAD}"
EndProject
Project("{2150E333-8FDC-42A3-9474-1A3956D46DE8}") = "customer-service", "customer-service", "{98C931CE-AC4A-4D15-8317-0E6133BB3B8A}"
EndProject
Project("{2150E333-8FDC-42A3-9474-1A3956D46DE8}") = "src", "src", "{54DEF236-5E1B-4ACE-BCBC-925A2D484F7C}"
EndProject
Project("{FAE04EC0-301F-11D3-BF4B-00C04F79EFBC}") = "CustomerService.API", "services\customer-service\src\CustomerService.API\CustomerService.API.csproj", "{6DBB3DDB-7C1A-4835-B211-39681081C96B}"
EndProject
Project("{FAE04EC0-301F-11D3-BF4B-00C04F79EFBC}") = "CustomerService.Application", "services\customer-service\src\CustomerService.Application\CustomerService.Application.csproj", "{4A7570F0-ED7F-4C19-87DB-384751B984D7}"
EndProject
Project("{FAE04EC0-301F-11D3-BF4B-00C04F79EFBC}") = "CustomerService.Domain", "services\customer-service\src\CustomerService.Domain\CustomerService.Domain.csproj", "{81456719-F865-4AB6-AABD-2284559AD7B1}"
EndProject
Project("{FAE04EC0-301F-11D3-BF4B-00C04F79EFBC}") = "CustomerService.Infrastructure", "services\customer-service\src\CustomerService.Infrastructure\CustomerService.Infrastructure.csproj", "{11136E3A-07A6-4AB8-9747-E21122027275}"
EndProject
Project("{2150E333-8FDC-42A3-9474-1A3956D46DE8}") = "identity-service", "identity-service", "{0AAC537E-097B-48A4-8D6E-3003AC9BE535}"
EndProject
Project("{2150E333-8FDC-42A3-9474-1A3956D46DE8}") = "src", "src", "{38DD4465-3C98-4A02-AFDC-E31D66B102BA}"
EndProject
Project("{FAE04EC0-301F-11D3-BF4B-00C04F79EFBC}") = "IdentityService.API", "services\identity-service\src\IdentityService.API\IdentityService.API.csproj", "{EA68F84E-C274-418C-9D6E-F0E8F73725B7}"
EndProject
Project("{FAE04EC0-301F-11D3-BF4B-00C04F79EFBC}") = "IdentityService.Application", "services\identity-service\src\IdentityService.Application\IdentityService.Application.csproj", "{36A4A0F9-5E20-4565-8FD3-E8BE85AB99E6}"
EndProject
Project("{FAE04EC0-301F-11D3-BF4B-00C04F79EFBC}") = "IdentityService.Domain", "services\identity-service\src\IdentityService.Domain\IdentityService.Domain.csproj", "{6CB6DABB-D2A5-4FEA-A850-E12FC74D7176}"
EndProject
Project("{FAE04EC0-301F-11D3-BF4B-00C04F79EFBC}") = "IdentityService.Infrastructure", "services\identity-service\src\IdentityService.Infrastructure\IdentityService.Infrastructure.csproj", "{87B51E6A-A32C-4850-8736-4301EF9E29A4}"
EndProject
Project("{2150E333-8FDC-42A3-9474-1A3956D46DE8}") = "inventory-service", "inventory-service", "{2AC49F2C-99FF-48AF-AB9B-12877B8A4F54}"
EndProject
Project("{2150E333-8FDC-42A3-9474-1A3956D46DE8}") = "src", "src", "{296FEBF6-661D-41B3-A9C6-10F61CF75B4B}"
EndProject
Project("{FAE04EC0-301F-11D3-BF4B-00C04F79EFBC}") = "InventoryService.API", "services\inventory-service\src\InventoryService.API\InventoryService.API.csproj", "{AFC92CA8-9246-489F-BB6B-54D5D84676AC}"
EndProject
Project("{FAE04EC0-301F-11D3-BF4B-00C04F79EFBC}") = "InventoryService.Application", "services\inventory-service\src\InventoryService.Application\InventoryService.Application.csproj", "{399094A1-29B6-4287-834B-67F299EAD75E}"
EndProject
Project("{FAE04EC0-301F-11D3-BF4B-00C04F79EFBC}") = "InventoryService.Domain", "services\inventory-service\src\InventoryService.Domain\InventoryService.Domain.csproj", "{2DD0B0F8-A97F-49AE-9903-AB988317C5A1}"
EndProject
Project("{FAE04EC0-301F-11D3-BF4B-00C04F79EFBC}") = "InventoryService.Infrastructure", "services\inventory-service\src\InventoryService.Infrastructure\InventoryService.Infrastructure.csproj", "{C35216C6-F67B-4687-AA89-83D78968912A}"
EndProject
Project("{2150E333-8FDC-42A3-9474-1A3956D46DE8}") = "order-service", "order-service", "{32450709-06A6-41F7-B6EA-C5530E866CF7}"
EndProject
Project("{2150E333-8FDC-42A3-9474-1A3956D46DE8}") = "src", "src", "{EE459DAF-DE75-4D75-BE0D-830F1F37A00B}"
EndProject
Project("{FAE04EC0-301F-11D3-BF4B-00C04F79EFBC}") = "OrderService.API", "services\order-service\src\OrderService.API\OrderService.API.csproj", "{7BD80F1F-5604-49F6-9060-412E1E25A801}"
EndProject
Project("{FAE04EC0-301F-11D3-BF4B-00C04F79EFBC}") = "OrderService.Application", "services\order-service\src\OrderService.Application\OrderService.Application.csproj", "{4B0FBB24-E667-482C-957F-E3C1D4C55408}"
EndProject
Project("{FAE04EC0-301F-11D3-BF4B-00C04F79EFBC}") = "OrderService.Domain", "services\order-service\src\OrderService.Domain\OrderService.Domain.csproj", "{8104DAD9-6AD8-443C-894F-F96098102501}"
EndProject
Project("{FAE04EC0-301F-11D3-BF4B-00C04F79EFBC}") = "OrderService.Infrastructure", "services\order-service\src\OrderService.Infrastructure\OrderService.Infrastructure.csproj", "{40517374-4400-43E3-A57D-22579E30E24B}"
EndProject
Project("{2150E333-8FDC-42A3-9474-1A3956D46DE8}") = "payment-service", "payment-service", "{654495D1-3468-44C6-B907-B696C21284B8}"
EndProject
Project("{2150E333-8FDC-42A3-9474-1A3956D46DE8}") = "src", "src", "{CB01C312-1E85-4F4A-BFF8-9DBDA67CBCB5}"
EndProject
Project("{FAE04EC0-301F-11D3-BF4B-00C04F79EFBC}") = "PaymentService.API", "services\payment-service\src\PaymentService.API\PaymentService.API.csproj", "{46BE3E42-49D6-483D-8C72-AB3FFF52AF15}"
EndProject
Project("{FAE04EC0-301F-11D3-BF4B-00C04F79EFBC}") = "PaymentService.Application", "services\payment-service\src\PaymentService.Application\PaymentService.Application.csproj", "{97F0690A-7A6A-4C75-BA6C-B4A1657A5866}"
EndProject
Project("{FAE04EC0-301F-11D3-BF4B-00C04F79EFBC}") = "PaymentService.Domain", "services\payment-service\src\PaymentService.Domain\PaymentService.Domain.csproj", "{26D9160F-6880-4923-93EF-FCC5A6E7CACF}"
EndProject
Project("{FAE04EC0-301F-11D3-BF4B-00C04F79EFBC}") = "PaymentService.Infrastructure", "services\payment-service\src\PaymentService.Infrastructure\PaymentService.Infrastructure.csproj", "{1E622AA2-E085-4EF2-A68D-7B2800F7E11E}"
EndProject
Project("{2150E333-8FDC-42A3-9474-1A3956D46DE8}") = "product-service", "product-service", "{187C7227-6840-461D-9738-9477E3E1D47C}"
EndProject
Project("{2150E333-8FDC-42A3-9474-1A3956D46DE8}") = "src", "src", "{43725BD4-D3C2-47F4-9DED-650405A9576E}"
EndProject
Project("{FAE04EC0-301F-11D3-BF4B-00C04F79EFBC}") = "ProductService.API", "services\product-service\src\ProductService.API\ProductService.API.csproj", "{1060209B-BA71-4D9D-A22A-2B2B1888063E}"
EndProject
Project("{FAE04EC0-301F-11D3-BF4B-00C04F79EFBC}") = "ProductService.Application", "services\product-service\src\ProductService.Application\ProductService.Application.csproj", "{65B66A14-7127-4B04-B9FD-CD2DB4899686}"
EndProject
Project("{FAE04EC0-301F-11D3-BF4B-00C04F79EFBC}") = "ProductService.Domain", "services\product-service\src\ProductService.Domain\ProductService.Domain.csproj", "{EBE3FD02-9944-44F2-BD7E-AE2E1AC2ACC5}"
EndProject
Project("{FAE04EC0-301F-11D3-BF4B-00C04F79EFBC}") = "ProductService.Infrastructure", "services\product-service\src\ProductService.Infrastructure\ProductService.Infrastructure.csproj", "{29FC0477-E9C5-4A00-ABA8-35444BD93A28}"
EndProject
Project("{2150E333-8FDC-42A3-9474-1A3956D46DE8}") = "user-service", "user-service", "{81690C92-BCF8-47C3-B145-A94D4C2529AA}"
EndProject
Project("{2150E333-8FDC-42A3-9474-1A3956D46DE8}") = "src", "src", "{A1CEAD71-D9C2-4977-B246-C7E7A72F802C}"
EndProject
Project("{FAE04EC0-301F-11D3-BF4B-00C04F79EFBC}") = "UserService.API", "services\user-service\src\UserService.API\UserService.API.csproj", "{9A1DC67E-A086-4C8F-8E0F-E92B26A15F18}"
EndProject
Project("{FAE04EC0-301F-11D3-BF4B-00C04F79EFBC}") = "UserService.Application", "services\user-service\src\UserService.Application\UserService.Application.csproj", "{78D95B37-5574-440E-A2E1-1E76774E97E6}"
EndProject
Project("{FAE04EC0-301F-11D3-BF4B-00C04F79EFBC}") = "UserService.Domain", "services\user-service\src\UserService.Domain\UserService.Domain.csproj", "{6F0F0ADB-177E-4090-A39A-12CCED56919B}"
EndProject
Project("{FAE04EC0-301F-11D3-BF4B-00C04F79EFBC}") = "UserService.Infrastructure", "services\user-service\src\UserService.Infrastructure\UserService.Infrastructure.csproj", "{480E1E6C-81EF-4B09-9B26-43940BE21C45}"
EndProject
Project("{2150E333-8FDC-42A3-9474-1A3956D46DE8}") = "tests", "tests", "{E8AEB043-780A-4F05-9D5B-0CC57B7F6697}"
EndProject
Project("{FAE04EC0-301F-11D3-BF4B-00C04F79EFBC}") = "OrderService.IntegrationTests", "services\order-service\tests\OrderService.IntegrationTests\OrderService.IntegrationTests.csproj", "{3381872C-E730-4D17-A6A3-C1CC13F7634C}"
EndProject
Project("{FAE04EC0-301F-11D3-BF4B-00C04F79EFBC}") = "OrderService.UnitTests", "services\order-service\tests\OrderService.UnitTests\OrderService.UnitTests.csproj", "{77402391-0DBD-469F-A91D-06FF327B64AD}"
EndProject
Global
	GlobalSection(SolutionConfigurationPlatforms) = preSolution
		Debug|Any CPU = Debug|Any CPU
		Release|Any CPU = Release|Any CPU
	EndGlobalSection
	GlobalSection(SolutionProperties) = preSolution
		HideSolutionNode = FALSE
	EndGlobalSection
	GlobalSection(ProjectConfigurationPlatforms) = postSolution
		{B4353696-60B6-478E-8008-3D0C022CC082}.Debug|Any CPU.ActiveCfg = Debug|Any CPU
		{B4353696-60B6-478E-8008-3D0C022CC082}.Debug|Any CPU.Build.0 = Debug|Any CPU
		{B4353696-60B6-478E-8008-3D0C022CC082}.Release|Any CPU.ActiveCfg = Release|Any CPU
		{B4353696-60B6-478E-8008-3D0C022CC082}.Release|Any CPU.Build.0 = Release|Any CPU
		{6DBB3DDB-7C1A-4835-B211-39681081C96B}.Debug|Any CPU.ActiveCfg = Debug|Any CPU
		{6DBB3DDB-7C1A-4835-B211-39681081C96B}.Debug|Any CPU.Build.0 = Debug|Any CPU
		{6DBB3DDB-7C1A-4835-B211-39681081C96B}.Release|Any CPU.ActiveCfg = Release|Any CPU
		{6DBB3DDB-7C1A-4835-B211-39681081C96B}.Release|Any CPU.Build.0 = Release|Any CPU
		{4A7570F0-ED7F-4C19-87DB-384751B984D7}.Debug|Any CPU.ActiveCfg = Debug|Any CPU
		{4A7570F0-ED7F-4C19-87DB-384751B984D7}.Debug|Any CPU.Build.0 = Debug|Any CPU
		{4A7570F0-ED7F-4C19-87DB-384751B984D7}.Release|Any CPU.ActiveCfg = Release|Any CPU
		{4A7570F0-ED7F-4C19-87DB-384751B984D7}.Release|Any CPU.Build.0 = Release|Any CPU
		{81456719-F865-4AB6-AABD-2284559AD7B1}.Debug|Any CPU.ActiveCfg = Debug|Any CPU
		{81456719-F865-4AB6-AABD-2284559AD7B1}.Debug|Any CPU.Build.0 = Debug|Any CPU
		{81456719-F865-4AB6-AABD-2284559AD7B1}.Release|Any CPU.ActiveCfg = Release|Any CPU
		{81456719-F865-4AB6-AABD-2284559AD7B1}.Release|Any CPU.Build.0 = Release|Any CPU
		{11136E3A-07A6-4AB8-9747-E21122027275}.Debug|Any CPU.ActiveCfg = Debug|Any CPU
		{11136E3A-07A6-4AB8-9747-E21122027275}.Debug|Any CPU.Build.0 = Debug|Any CPU
		{11136E3A-07A6-4AB8-9747-E21122027275}.Release|Any CPU.ActiveCfg = Release|Any CPU
		{11136E3A-07A6-4AB8-9747-E21122027275}.Release|Any CPU.Build.0 = Release|Any CPU
		{EA68F84E-C274-418C-9D6E-F0E8F73725B7}.Debug|Any CPU.ActiveCfg = Debug|Any CPU
		{EA68F84E-C274-418C-9D6E-F0E8F73725B7}.Debug|Any CPU.Build.0 = Debug|Any CPU
		{EA68F84E-C274-418C-9D6E-F0E8F73725B7}.Release|Any CPU.ActiveCfg = Release|Any CPU
		{EA68F84E-C274-418C-9D6E-F0E8F73725B7}.Release|Any CPU.Build.0 = Release|Any CPU
		{36A4A0F9-5E20-4565-8FD3-E8BE85AB99E6}.Debug|Any CPU.ActiveCfg = Debug|Any CPU
		{36A4A0F9-5E20-4565-8FD3-E8BE85AB99E6}.Debug|Any CPU.Build.0 = Debug|Any CPU
		{36A4A0F9-5E20-4565-8FD3-E8BE85AB99E6}.Release|Any CPU.ActiveCfg = Release|Any CPU
		{36A4A0F9-5E20-4565-8FD3-E8BE85AB99E6}.Release|Any CPU.Build.0 = Release|Any CPU
		{6CB6DABB-D2A5-4FEA-A850-E12FC74D7176}.Debug|Any CPU.ActiveCfg = Debug|Any CPU
		{6CB6DABB-D2A5-4FEA-A850-E12FC74D7176}.Debug|Any CPU.Build.0 = Debug|Any CPU
		{6CB6DABB-D2A5-4FEA-A850-E12FC74D7176}.Release|Any CPU.ActiveCfg = Release|Any CPU
		{6CB6DABB-D2A5-4FEA-A850-E12FC74D7176}.Release|Any CPU.Build.0 = Release|Any CPU
		{87B51E6A-A32C-4850-8736-4301EF9E29A4}.Debug|Any CPU.ActiveCfg = Debug|Any CPU
		{87B51E6A-A32C-4850-8736-4301EF9E29A4}.Debug|Any CPU.Build.0 = Debug|Any CPU
		{87B51E6A-A32C-4850-8736-4301EF9E29A4}.Release|Any CPU.ActiveCfg = Release|Any CPU
		{87B51E6A-A32C-4850-8736-4301EF9E29A4}.Release|Any CPU.Build.0 = Release|Any CPU
		{AFC92CA8-9246-489F-BB6B-54D5D84676AC}.Debug|Any CPU.ActiveCfg = Debug|Any CPU
		{AFC92CA8-9246-489F-BB6B-54D5D84676AC}.Debug|Any CPU.Build.0 = Debug|Any CPU
		{AFC92CA8-9246-489F-BB6B-54D5D84676AC}.Release|Any CPU.ActiveCfg = Release|Any CPU
		{AFC92CA8-9246-489F-BB6B-54D5D84676AC}.Release|Any CPU.Build.0 = Release|Any CPU
		{399094A1-29B6-4287-834B-67F299EAD75E}.Debug|Any CPU.ActiveCfg = Debug|Any CPU
		{399094A1-29B6-4287-834B-67F299EAD75E}.Debug|Any CPU.Build.0 = Debug|Any CPU
		{399094A1-29B6-4287-834B-67F299EAD75E}.Release|Any CPU.ActiveCfg = Release|Any CPU
		{399094A1-29B6-4287-834B-67F299EAD75E}.Release|Any CPU.Build.0 = Release|Any CPU
		{2DD0B0F8-A97F-49AE-9903-AB988317C5A1}.Debug|Any CPU.ActiveCfg = Debug|Any CPU
		{2DD0B0F8-A97F-49AE-9903-AB988317C5A1}.Debug|Any CPU.Build.0 = Debug|Any CPU
		{2DD0B0F8-A97F-49AE-9903-AB988317C5A1}.Release|Any CPU.ActiveCfg = Release|Any CPU
		{2DD0B0F8-A97F-49AE-9903-AB988317C5A1}.Release|Any CPU.Build.0 = Release|Any CPU
		{C35216C6-F67B-4687-AA89-83D78968912A}.Debug|Any CPU.ActiveCfg = Debug|Any CPU
		{C35216C6-F67B-4687-AA89-83D78968912A}.Debug|Any CPU.Build.0 = Debug|Any CPU
		{C35216C6-F67B-4687-AA89-83D78968912A}.Release|Any CPU.ActiveCfg = Release|Any CPU
		{C35216C6-F67B-4687-AA89-83D78968912A}.Release|Any CPU.Build.0 = Release|Any CPU
		{7BD80F1F-5604-49F6-9060-412E1E25A801}.Debug|Any CPU.ActiveCfg = Debug|Any CPU
		{7BD80F1F-5604-49F6-9060-412E1E25A801}.Debug|Any CPU.Build.0 = Debug|Any CPU
		{7BD80F1F-5604-49F6-9060-412E1E25A801}.Release|Any CPU.ActiveCfg = Release|Any CPU
		{7BD80F1F-5604-49F6-9060-412E1E25A801}.Release|Any CPU.Build.0 = Release|Any CPU
		{4B0FBB24-E667-482C-957F-E3C1D4C55408}.Debug|Any CPU.ActiveCfg = Debug|Any CPU
		{4B0FBB24-E667-482C-957F-E3C1D4C55408}.Debug|Any CPU.Build.0 = Debug|Any CPU
		{4B0FBB24-E667-482C-957F-E3C1D4C55408}.Release|Any CPU.ActiveCfg = Release|Any CPU
		{4B0FBB24-E667-482C-957F-E3C1D4C55408}.Release|Any CPU.Build.0 = Release|Any CPU
		{8104DAD9-6AD8-443C-894F-F96098102501}.Debug|Any CPU.ActiveCfg = Debug|Any CPU
		{8104DAD9-6AD8-443C-894F-F96098102501}.Debug|Any CPU.Build.0 = Debug|Any CPU
		{8104DAD9-6AD8-443C-894F-F96098102501}.Release|Any CPU.ActiveCfg = Release|Any CPU
		{8104DAD9-6AD8-443C-894F-F96098102501}.Release|Any CPU.Build.0 = Release|Any CPU
		{40517374-4400-43E3-A57D-22579E30E24B}.Debug|Any CPU.ActiveCfg = Debug|Any CPU
		{40517374-4400-43E3-A57D-22579E30E24B}.Debug|Any CPU.Build.0 = Debug|Any CPU
		{40517374-4400-43E3-A57D-22579E30E24B}.Release|Any CPU.ActiveCfg = Release|Any CPU
		{40517374-4400-43E3-A57D-22579E30E24B}.Release|Any CPU.Build.0 = Release|Any CPU
		{46BE3E42-49D6-483D-8C72-AB3FFF52AF15}.Debug|Any CPU.ActiveCfg = Debug|Any CPU
		{46BE3E42-49D6-483D-8C72-AB3FFF52AF15}.Debug|Any CPU.Build.0 = Debug|Any CPU
		{46BE3E42-49D6-483D-8C72-AB3FFF52AF15}.Release|Any CPU.ActiveCfg = Release|Any CPU
		{46BE3E42-49D6-483D-8C72-AB3FFF52AF15}.Release|Any CPU.Build.0 = Release|Any CPU
		{97F0690A-7A6A-4C75-BA6C-B4A1657A5866}.Debug|Any CPU.ActiveCfg = Debug|Any CPU
		{97F0690A-7A6A-4C75-BA6C-B4A1657A5866}.Debug|Any CPU.Build.0 = Debug|Any CPU
		{97F0690A-7A6A-4C75-BA6C-B4A1657A5866}.Release|Any CPU.ActiveCfg = Release|Any CPU
		{97F0690A-7A6A-4C75-BA6C-B4A1657A5866}.Release|Any CPU.Build.0 = Release|Any CPU
		{26D9160F-6880-4923-93EF-FCC5A6E7CACF}.Debug|Any CPU.ActiveCfg = Debug|Any CPU
		{26D9160F-6880-4923-93EF-FCC5A6E7CACF}.Debug|Any CPU.Build.0 = Debug|Any CPU
		{26D9160F-6880-4923-93EF-FCC5A6E7CACF}.Release|Any CPU.ActiveCfg = Release|Any CPU
		{26D9160F-6880-4923-93EF-FCC5A6E7CACF}.Release|Any CPU.Build.0 = Release|Any CPU
		{1E622AA2-E085-4EF2-A68D-7B2800F7E11E}.Debug|Any CPU.ActiveCfg = Debug|Any CPU
		{1E622AA2-E085-4EF2-A68D-7B2800F7E11E}.Debug|Any CPU.Build.0 = Debug|Any CPU
		{1E622AA2-E085-4EF2-A68D-7B2800F7E11E}.Release|Any CPU.ActiveCfg = Release|Any CPU
		{1E622AA2-E085-4EF2-A68D-7B2800F7E11E}.Release|Any CPU.Build.0 = Release|Any CPU
		{1060209B-BA71-4D9D-A22A-2B2B1888063E}.Debug|Any CPU.ActiveCfg = Debug|Any CPU
		{1060209B-BA71-4D9D-A22A-2B2B1888063E}.Debug|Any CPU.Build.0 = Debug|Any CPU
		{1060209B-BA71-4D9D-A22A-2B2B1888063E}.Release|Any CPU.ActiveCfg = Release|Any CPU
		{1060209B-BA71-4D9D-A22A-2B2B1888063E}.Release|Any CPU.Build.0 = Release|Any CPU
		{65B66A14-7127-4B04-B9FD-CD2DB4899686}.Debug|Any CPU.ActiveCfg = Debug|Any CPU
		{65B66A14-7127-4B04-B9FD-CD2DB4899686}.Debug|Any CPU.Build.0 = Debug|Any CPU
		{65B66A14-7127-4B04-B9FD-CD2DB4899686}.Release|Any CPU.ActiveCfg = Release|Any CPU
		{65B66A14-7127-4B04-B9FD-CD2DB4899686}.Release|Any CPU.Build.0 = Release|Any CPU
		{EBE3FD02-9944-44F2-BD7E-AE2E1AC2ACC5}.Debug|Any CPU.ActiveCfg = Debug|Any CPU
		{EBE3FD02-9944-44F2-BD7E-AE2E1AC2ACC5}.Debug|Any CPU.Build.0 = Debug|Any CPU
		{EBE3FD02-9944-44F2-BD7E-AE2E1AC2ACC5}.Release|Any CPU.ActiveCfg = Release|Any CPU
		{EBE3FD02-9944-44F2-BD7E-AE2E1AC2ACC5}.Release|Any CPU.Build.0 = Release|Any CPU
		{29FC0477-E9C5-4A00-ABA8-35444BD93A28}.Debug|Any CPU.ActiveCfg = Debug|Any CPU
		{29FC0477-E9C5-4A00-ABA8-35444BD93A28}.Debug|Any CPU.Build.0 = Debug|Any CPU
		{29FC0477-E9C5-4A00-ABA8-35444BD93A28}.Release|Any CPU.ActiveCfg = Release|Any CPU
		{29FC0477-E9C5-4A00-ABA8-35444BD93A28}.Release|Any CPU.Build.0 = Release|Any CPU
		{9A1DC67E-A086-4C8F-8E0F-E92B26A15F18}.Debug|Any CPU.ActiveCfg = Debug|Any CPU
		{9A1DC67E-A086-4C8F-8E0F-E92B26A15F18}.Debug|Any CPU.Build.0 = Debug|Any CPU
		{9A1DC67E-A086-4C8F-8E0F-E92B26A15F18}.Release|Any CPU.ActiveCfg = Release|Any CPU
		{9A1DC67E-A086-4C8F-8E0F-E92B26A15F18}.Release|Any CPU.Build.0 = Release|Any CPU
		{78D95B37-5574-440E-A2E1-1E76774E97E6}.Debug|Any CPU.ActiveCfg = Debug|Any CPU
		{78D95B37-5574-440E-A2E1-1E76774E97E6}.Debug|Any CPU.Build.0 = Debug|Any CPU
		{78D95B37-5574-440E-A2E1-1E76774E97E6}.Release|Any CPU.ActiveCfg = Release|Any CPU
		{78D95B37-5574-440E-A2E1-1E76774E97E6}.Release|Any CPU.Build.0 = Release|Any CPU
		{6F0F0ADB-177E-4090-A39A-12CCED56919B}.Debug|Any CPU.ActiveCfg = Debug|Any CPU
		{6F0F0ADB-177E-4090-A39A-12CCED56919B}.Debug|Any CPU.Build.0 = Debug|Any CPU
		{6F0F0ADB-177E-4090-A39A-12CCED56919B}.Release|Any CPU.ActiveCfg = Release|Any CPU
		{6F0F0ADB-177E-4090-A39A-12CCED56919B}.Release|Any CPU.Build.0 = Release|Any CPU
		{480E1E6C-81EF-4B09-9B26-43940BE21C45}.Debug|Any CPU.ActiveCfg = Debug|Any CPU
		{480E1E6C-81EF-4B09-9B26-43940BE21C45}.Debug|Any CPU.Build.0 = Debug|Any CPU
		{480E1E6C-81EF-4B09-9B26-43940BE21C45}.Release|Any CPU.ActiveCfg = Release|Any CPU
		{480E1E6C-81EF-4B09-9B26-43940BE21C45}.Release|Any CPU.Build.0 = Release|Any CPU
		{3381872C-E730-4D17-A6A3-C1CC13F7634C}.Debug|Any CPU.ActiveCfg = Debug|Any CPU
		{3381872C-E730-4D17-A6A3-C1CC13F7634C}.Debug|Any CPU.Build.0 = Debug|Any CPU
		{3381872C-E730-4D17-A6A3-C1CC13F7634C}.Release|Any CPU.ActiveCfg = Release|Any CPU
		{3381872C-E730-4D17-A6A3-C1CC13F7634C}.Release|Any CPU.Build.0 = Release|Any CPU
		{77402391-0DBD-469F-A91D-06FF327B64AD}.Debug|Any CPU.ActiveCfg = Debug|Any CPU
		{77402391-0DBD-469F-A91D-06FF327B64AD}.Debug|Any CPU.Build.0 = Debug|Any CPU
		{77402391-0DBD-469F-A91D-06FF327B64AD}.Release|Any CPU.ActiveCfg = Release|Any CPU
		{77402391-0DBD-469F-A91D-06FF327B64AD}.Release|Any CPU.Build.0 = Release|Any CPU
	EndGlobalSection
	GlobalSection(NestedProjects) = preSolution
		{98C931CE-AC4A-4D15-8317-0E6133BB3B8A} = {96F0D564-E69A-43AF-A4EE-C08941536CAD}
		{54DEF236-5E1B-4ACE-BCBC-925A2D484F7C} = {98C931CE-AC4A-4D15-8317-0E6133BB3B8A}
		{6DBB3DDB-7C1A-4835-B211-39681081C96B} = {54DEF236-5E1B-4ACE-BCBC-925A2D484F7C}
		{4A7570F0-ED7F-4C19-87DB-384751B984D7} = {54DEF236-5E1B-4ACE-BCBC-925A2D484F7C}
		{81456719-F865-4AB6-AABD-2284559AD7B1} = {54DEF236-5E1B-4ACE-BCBC-925A2D484F7C}
		{11136E3A-07A6-4AB8-9747-E21122027275} = {54DEF236-5E1B-4ACE-BCBC-925A2D484F7C}
		{0AAC537E-097B-48A4-8D6E-3003AC9BE535} = {96F0D564-E69A-43AF-A4EE-C08941536CAD}
		{38DD4465-3C98-4A02-AFDC-E31D66B102BA} = {0AAC537E-097B-48A4-8D6E-3003AC9BE535}
		{EA68F84E-C274-418C-9D6E-F0E8F73725B7} = {38DD4465-3C98-4A02-AFDC-E31D66B102BA}
		{36A4A0F9-5E20-4565-8FD3-E8BE85AB99E6} = {38DD4465-3C98-4A02-AFDC-E31D66B102BA}
		{6CB6DABB-D2A5-4FEA-A850-E12FC74D7176} = {38DD4465-3C98-4A02-AFDC-E31D66B102BA}
		{87B51E6A-A32C-4850-8736-4301EF9E29A4} = {38DD4465-3C98-4A02-AFDC-E31D66B102BA}
		{2AC49F2C-99FF-48AF-AB9B-12877B8A4F54} = {96F0D564-E69A-43AF-A4EE-C08941536CAD}
		{296FEBF6-661D-41B3-A9C6-10F61CF75B4B} = {2AC49F2C-99FF-48AF-AB9B-12877B8A4F54}
		{AFC92CA8-9246-489F-BB6B-54D5D84676AC} = {296FEBF6-661D-41B3-A9C6-10F61CF75B4B}
		{399094A1-29B6-4287-834B-67F299EAD75E} = {296FEBF6-661D-41B3-A9C6-10F61CF75B4B}
		{2DD0B0F8-A97F-49AE-9903-AB988317C5A1} = {296FEBF6-661D-41B3-A9C6-10F61CF75B4B}
		{C35216C6-F67B-4687-AA89-83D78968912A} = {296FEBF6-661D-41B3-A9C6-10F61CF75B4B}
		{32450709-06A6-41F7-B6EA-C5530E866CF7} = {96F0D564-E69A-43AF-A4EE-C08941536CAD}
		{EE459DAF-DE75-4D75-BE0D-830F1F37A00B} = {32450709-06A6-41F7-B6EA-C5530E866CF7}
		{7BD80F1F-5604-49F6-9060-412E1E25A801} = {EE459DAF-DE75-4D75-BE0D-830F1F37A00B}
		{4B0FBB24-E667-482C-957F-E3C1D4C55408} = {EE459DAF-DE75-4D75-BE0D-830F1F37A00B}
		{8104DAD9-6AD8-443C-894F-F96098102501} = {EE459DAF-DE75-4D75-BE0D-830F1F37A00B}
		{40517374-4400-43E3-A57D-22579E30E24B} = {EE459DAF-DE75-4D75-BE0D-830F1F37A00B}
		{654495D1-3468-44C6-B907-B696C21284B8} = {96F0D564-E69A-43AF-A4EE-C08941536CAD}
		{CB01C312-1E85-4F4A-BFF8-9DBDA67CBCB5} = {654495D1-3468-44C6-B907-B696C21284B8}
		{46BE3E42-49D6-483D-8C72-AB3FFF52AF15} = {CB01C312-1E85-4F4A-BFF8-9DBDA67CBCB5}
		{97F0690A-7A6A-4C75-BA6C-B4A1657A5866} = {CB01C312-1E85-4F4A-BFF8-9DBDA67CBCB5}
		{26D9160F-6880-4923-93EF-FCC5A6E7CACF} = {CB01C312-1E85-4F4A-BFF8-9DBDA67CBCB5}
		{1E622AA2-E085-4EF2-A68D-7B2800F7E11E} = {CB01C312-1E85-4F4A-BFF8-9DBDA67CBCB5}
		{187C7227-6840-461D-9738-9477E3E1D47C} = {96F0D564-E69A-43AF-A4EE-C08941536CAD}
		{43725BD4-D3C2-47F4-9DED-650405A9576E} = {187C7227-6840-461D-9738-9477E3E1D47C}
		{1060209B-BA71-4D9D-A22A-2B2B1888063E} = {43725BD4-D3C2-47F4-9DED-650405A9576E}
		{65B66A14-7127-4B04-B9FD-CD2DB4899686} = {43725BD4-D3C2-47F4-9DED-650405A9576E}
		{EBE3FD02-9944-44F2-BD7E-AE2E1AC2ACC5} = {43725BD4-D3C2-47F4-9DED-650405A9576E}
		{29FC0477-E9C5-4A00-ABA8-35444BD93A28} = {43725BD4-D3C2-47F4-9DED-650405A9576E}
		{81690C92-BCF8-47C3-B145-A94D4C2529AA} = {96F0D564-E69A-43AF-A4EE-C08941536CAD}
		{A1CEAD71-D9C2-4977-B246-C7E7A72F802C} = {81690C92-BCF8-47C3-B145-A94D4C2529AA}
		{9A1DC67E-A086-4C8F-8E0F-E92B26A15F18} = {A1CEAD71-D9C2-4977-B246-C7E7A72F802C}
		{78D95B37-5574-440E-A2E1-1E76774E97E6} = {A1CEAD71-D9C2-4977-B246-C7E7A72F802C}
		{6F0F0ADB-177E-4090-A39A-12CCED56919B} = {A1CEAD71-D9C2-4977-B246-C7E7A72F802C}
		{480E1E6C-81EF-4B09-9B26-43940BE21C45} = {A1CEAD71-D9C2-4977-B246-C7E7A72F802C}
		{E8AEB043-780A-4F05-9D5B-0CC57B7F6697} = {32450709-06A6-41F7-B6EA-C5530E866CF7}
		{3381872C-E730-4D17-A6A3-C1CC13F7634C} = {E8AEB043-780A-4F05-9D5B-0CC57B7F6697}
		{77402391-0DBD-469F-A91D-06FF327B64AD} = {E8AEB043-780A-4F05-9D5B-0CC57B7F6697}
	EndGlobalSection
EndGlobal
