
Microsoft Visual Studio Solution File, Format Version 12.00
# Visual Studio Version 17
VisualStudioVersion = 17.0.31903.59
MinimumVisualStudioVersion = 10.0.40219.1
Project("{2150E333-8FDC-42A3-9474-1A3956D46DE8}") = "customer-service", "customer-service", "{2BF2E13B-6147-4490-91E6-E1BAD0F25D2D}"
EndProject
Project("{2150E333-8FDC-42A3-9474-1A3956D46DE8}") = "src", "src", "{913DE876-E608-4685-BDF3-BA74FE670C5B}"
EndProject
Project("{FAE04EC0-301F-11D3-BF4B-00C04F79EFBC}") = "CustomerService.API", "customer-service\src\CustomerService.API\CustomerService.API.csproj", "{5404660D-D1A5-44AA-97B2-F58FBE80204F}"
EndProject
Project("{FAE04EC0-301F-11D3-BF4B-00C04F79EFBC}") = "CustomerService.Application", "customer-service\src\CustomerService.Application\CustomerService.Application.csproj", "{18321649-2BCC-4C55-B93B-188C0193E4F1}"
EndProject
Project("{FAE04EC0-301F-11D3-BF4B-00C04F79EFBC}") = "CustomerService.Domain", "customer-service\src\CustomerService.Domain\CustomerService.Domain.csproj", "{4C19E14C-AE07-440B-B365-4C33BB2B4393}"
EndProject
Project("{FAE04EC0-301F-11D3-BF4B-00C04F79EFBC}") = "CustomerService.Infrastructure", "customer-service\src\CustomerService.Infrastructure\CustomerService.Infrastructure.csproj", "{972469CB-030F-4036-9CA0-EE0F7009D2A8}"
EndProject
Project("{2150E333-8FDC-42A3-9474-1A3956D46DE8}") = "identity-service", "identity-service", "{54ADA593-25B9-4DF5-A733-03D0C1E35236}"
EndProject
Project("{2150E333-8FDC-42A3-9474-1A3956D46DE8}") = "src", "src", "{0BBEE4A4-3B38-4504-B7CA-47C588768DD5}"
EndProject
Project("{FAE04EC0-301F-11D3-BF4B-00C04F79EFBC}") = "IdentityService.API", "identity-service\src\IdentityService.API\IdentityService.API.csproj", "{4524DFB6-B8E7-4BC2-9FCD-4FEA832E2F2A}"
EndProject
Project("{FAE04EC0-301F-11D3-BF4B-00C04F79EFBC}") = "IdentityService.Application", "identity-service\src\IdentityService.Application\IdentityService.Application.csproj", "{AEF798EF-9C24-4C47-905C-2AABF20D8A16}"
EndProject
Project("{FAE04EC0-301F-11D3-BF4B-00C04F79EFBC}") = "IdentityService.Domain", "identity-service\src\IdentityService.Domain\IdentityService.Domain.csproj", "{55136E86-B1A8-4C40-9575-A5459D773792}"
EndProject
Project("{FAE04EC0-301F-11D3-BF4B-00C04F79EFBC}") = "IdentityService.Infrastructure", "identity-service\src\IdentityService.Infrastructure\IdentityService.Infrastructure.csproj", "{3FF3E16D-C01D-4D16-B6B0-9B83D590783F}"
EndProject
Project("{2150E333-8FDC-42A3-9474-1A3956D46DE8}") = "inventory-service", "inventory-service", "{DFE812A1-9A29-48B0-8C8B-F613BECD7EB9}"
EndProject
Project("{2150E333-8FDC-42A3-9474-1A3956D46DE8}") = "src", "src", "{AEF5BD5F-A700-4B08-9972-95C4CCBFA896}"
EndProject
Project("{FAE04EC0-301F-11D3-BF4B-00C04F79EFBC}") = "InventoryService.API", "inventory-service\src\InventoryService.API\InventoryService.API.csproj", "{E3C840E7-305F-41B8-A5FB-5B65086AF7D4}"
EndProject
Project("{FAE04EC0-301F-11D3-BF4B-00C04F79EFBC}") = "InventoryService.Application", "inventory-service\src\InventoryService.Application\InventoryService.Application.csproj", "{AD5C60EF-7E97-427A-A56A-657176F76DFA}"
EndProject
Project("{FAE04EC0-301F-11D3-BF4B-00C04F79EFBC}") = "InventoryService.Domain", "inventory-service\src\InventoryService.Domain\InventoryService.Domain.csproj", "{5917F408-B992-4B9C-9010-55A9134BC59B}"
EndProject
Project("{FAE04EC0-301F-11D3-BF4B-00C04F79EFBC}") = "InventoryService.Infrastructure", "inventory-service\src\InventoryService.Infrastructure\InventoryService.Infrastructure.csproj", "{B8B657B5-E31C-4DD0-8B12-8101B344D238}"
EndProject
Project("{2150E333-8FDC-42A3-9474-1A3956D46DE8}") = "order-service", "order-service", "{E1D22614-C822-43ED-B5F8-78C6ADDB6570}"
EndProject
Project("{2150E333-8FDC-42A3-9474-1A3956D46DE8}") = "src", "src", "{BFD8F660-6C1B-428C-A044-1D8099B4A548}"
EndProject
Project("{FAE04EC0-301F-11D3-BF4B-00C04F79EFBC}") = "OrderService.API", "order-service\src\OrderService.API\OrderService.API.csproj", "{296E7FF4-6E73-42C9-97E9-DEE5866C45A5}"
EndProject
Project("{FAE04EC0-301F-11D3-BF4B-00C04F79EFBC}") = "OrderService.Application", "order-service\src\OrderService.Application\OrderService.Application.csproj", "{CFBDDC4B-9ADF-4A01-A4A6-22B6495228C8}"
EndProject
Project("{FAE04EC0-301F-11D3-BF4B-00C04F79EFBC}") = "OrderService.Domain", "order-service\src\OrderService.Domain\OrderService.Domain.csproj", "{EE54D5BF-2000-4D97-AC39-9592095B3160}"
EndProject
Project("{FAE04EC0-301F-11D3-BF4B-00C04F79EFBC}") = "OrderService.Infrastructure", "order-service\src\OrderService.Infrastructure\OrderService.Infrastructure.csproj", "{A304609E-FBDB-4D6E-83F9-374B4997341E}"
EndProject
Project("{2150E333-8FDC-42A3-9474-1A3956D46DE8}") = "payment-service", "payment-service", "{78E60F53-C70D-4173-8BC9-3E21BE8572C8}"
EndProject
Project("{2150E333-8FDC-42A3-9474-1A3956D46DE8}") = "src", "src", "{E1461D86-545D-4053-9010-3DF2C0522DE3}"
EndProject
Project("{FAE04EC0-301F-11D3-BF4B-00C04F79EFBC}") = "PaymentService.API", "payment-service\src\PaymentService.API\PaymentService.API.csproj", "{1BD3E620-3F9D-4440-89DD-DC12C05A7AA0}"
EndProject
Project("{FAE04EC0-301F-11D3-BF4B-00C04F79EFBC}") = "PaymentService.Application", "payment-service\src\PaymentService.Application\PaymentService.Application.csproj", "{32A83EF0-2C86-4114-A0A8-41D5047224DD}"
EndProject
Project("{FAE04EC0-301F-11D3-BF4B-00C04F79EFBC}") = "PaymentService.Domain", "payment-service\src\PaymentService.Domain\PaymentService.Domain.csproj", "{E9DC42AE-47A3-41AD-B7B6-AD7C1D83CD1D}"
EndProject
Project("{FAE04EC0-301F-11D3-BF4B-00C04F79EFBC}") = "PaymentService.Infrastructure", "payment-service\src\PaymentService.Infrastructure\PaymentService.Infrastructure.csproj", "{275D5733-11E0-4144-96A1-4993DF56B7C0}"
EndProject
Project("{2150E333-8FDC-42A3-9474-1A3956D46DE8}") = "product-service", "product-service", "{D82EC59E-4970-481E-B625-728D6AE352F2}"
EndProject
Project("{2150E333-8FDC-42A3-9474-1A3956D46DE8}") = "src", "src", "{D7A5EFFC-CD18-4F1A-B99A-2EF5E7785073}"
EndProject
Project("{FAE04EC0-301F-11D3-BF4B-00C04F79EFBC}") = "ProductService.API", "product-service\src\ProductService.API\ProductService.API.csproj", "{D1372F53-7A40-4E37-9E18-6313E3383AC1}"
EndProject
Project("{FAE04EC0-301F-11D3-BF4B-00C04F79EFBC}") = "ProductService.Application", "product-service\src\ProductService.Application\ProductService.Application.csproj", "{27787E4E-2A80-4804-8B97-3EB131A678F9}"
EndProject
Project("{FAE04EC0-301F-11D3-BF4B-00C04F79EFBC}") = "ProductService.Domain", "product-service\src\ProductService.Domain\ProductService.Domain.csproj", "{1863A417-1E57-43A0-8DB5-A748B403AAFF}"
EndProject
Project("{FAE04EC0-301F-11D3-BF4B-00C04F79EFBC}") = "ProductService.Infrastructure", "product-service\src\ProductService.Infrastructure\ProductService.Infrastructure.csproj", "{AC51737D-66C8-4805-A290-1E33C3BFBD4F}"
EndProject
Project("{2150E333-8FDC-42A3-9474-1A3956D46DE8}") = "user-service", "user-service", "{F0A82744-0E2C-452F-A70A-4F8EB0B8ABB7}"
EndProject
Project("{2150E333-8FDC-42A3-9474-1A3956D46DE8}") = "src", "src", "{E2FAF915-B06E-4383-9AD6-48BEA67160C8}"
EndProject
Project("{FAE04EC0-301F-11D3-BF4B-00C04F79EFBC}") = "UserService.API", "user-service\src\UserService.API\UserService.API.csproj", "{45670006-2F68-4F9E-9429-E8BC841ACE45}"
EndProject
Project("{FAE04EC0-301F-11D3-BF4B-00C04F79EFBC}") = "UserService.Application", "user-service\src\UserService.Application\UserService.Application.csproj", "{7AA4CCE8-A6AF-481E-8E71-683E8C1F19E4}"
EndProject
Project("{FAE04EC0-301F-11D3-BF4B-00C04F79EFBC}") = "UserService.Domain", "user-service\src\UserService.Domain\UserService.Domain.csproj", "{EE7F09A8-09BE-4CF0-92AA-66AE28377FF6}"
EndProject
Project("{FAE04EC0-301F-11D3-BF4B-00C04F79EFBC}") = "UserService.Infrastructure", "user-service\src\UserService.Infrastructure\UserService.Infrastructure.csproj", "{85C6B3A2-7F93-4132-8431-5F6DBA051244}"
EndProject
Global
	GlobalSection(SolutionConfigurationPlatforms) = preSolution
		Debug|Any CPU = Debug|Any CPU
		Release|Any CPU = Release|Any CPU
	EndGlobalSection
	GlobalSection(SolutionProperties) = preSolution
		HideSolutionNode = FALSE
	EndGlobalSection
	GlobalSection(ProjectConfigurationPlatforms) = postSolution
		{5404660D-D1A5-44AA-97B2-F58FBE80204F}.Debug|Any CPU.ActiveCfg = Debug|Any CPU
		{5404660D-D1A5-44AA-97B2-F58FBE80204F}.Debug|Any CPU.Build.0 = Debug|Any CPU
		{5404660D-D1A5-44AA-97B2-F58FBE80204F}.Release|Any CPU.ActiveCfg = Release|Any CPU
		{5404660D-D1A5-44AA-97B2-F58FBE80204F}.Release|Any CPU.Build.0 = Release|Any CPU
		{18321649-2BCC-4C55-B93B-188C0193E4F1}.Debug|Any CPU.ActiveCfg = Debug|Any CPU
		{18321649-2BCC-4C55-B93B-188C0193E4F1}.Debug|Any CPU.Build.0 = Debug|Any CPU
		{18321649-2BCC-4C55-B93B-188C0193E4F1}.Release|Any CPU.ActiveCfg = Release|Any CPU
		{18321649-2BCC-4C55-B93B-188C0193E4F1}.Release|Any CPU.Build.0 = Release|Any CPU
		{4C19E14C-AE07-440B-B365-4C33BB2B4393}.Debug|Any CPU.ActiveCfg = Debug|Any CPU
		{4C19E14C-AE07-440B-B365-4C33BB2B4393}.Debug|Any CPU.Build.0 = Debug|Any CPU
		{4C19E14C-AE07-440B-B365-4C33BB2B4393}.Release|Any CPU.ActiveCfg = Release|Any CPU
		{4C19E14C-AE07-440B-B365-4C33BB2B4393}.Release|Any CPU.Build.0 = Release|Any CPU
		{972469CB-030F-4036-9CA0-EE0F7009D2A8}.Debug|Any CPU.ActiveCfg = Debug|Any CPU
		{972469CB-030F-4036-9CA0-EE0F7009D2A8}.Debug|Any CPU.Build.0 = Debug|Any CPU
		{972469CB-030F-4036-9CA0-EE0F7009D2A8}.Release|Any CPU.ActiveCfg = Release|Any CPU
		{972469CB-030F-4036-9CA0-EE0F7009D2A8}.Release|Any CPU.Build.0 = Release|Any CPU
		{4524DFB6-B8E7-4BC2-9FCD-4FEA832E2F2A}.Debug|Any CPU.ActiveCfg = Debug|Any CPU
		{4524DFB6-B8E7-4BC2-9FCD-4FEA832E2F2A}.Debug|Any CPU.Build.0 = Debug|Any CPU
		{4524DFB6-B8E7-4BC2-9FCD-4FEA832E2F2A}.Release|Any CPU.ActiveCfg = Release|Any CPU
		{4524DFB6-B8E7-4BC2-9FCD-4FEA832E2F2A}.Release|Any CPU.Build.0 = Release|Any CPU
		{AEF798EF-9C24-4C47-905C-2AABF20D8A16}.Debug|Any CPU.ActiveCfg = Debug|Any CPU
		{AEF798EF-9C24-4C47-905C-2AABF20D8A16}.Debug|Any CPU.Build.0 = Debug|Any CPU
		{AEF798EF-9C24-4C47-905C-2AABF20D8A16}.Release|Any CPU.ActiveCfg = Release|Any CPU
		{AEF798EF-9C24-4C47-905C-2AABF20D8A16}.Release|Any CPU.Build.0 = Release|Any CPU
		{55136E86-B1A8-4C40-9575-A5459D773792}.Debug|Any CPU.ActiveCfg = Debug|Any CPU
		{55136E86-B1A8-4C40-9575-A5459D773792}.Debug|Any CPU.Build.0 = Debug|Any CPU
		{55136E86-B1A8-4C40-9575-A5459D773792}.Release|Any CPU.ActiveCfg = Release|Any CPU
		{55136E86-B1A8-4C40-9575-A5459D773792}.Release|Any CPU.Build.0 = Release|Any CPU
		{3FF3E16D-C01D-4D16-B6B0-9B83D590783F}.Debug|Any CPU.ActiveCfg = Debug|Any CPU
		{3FF3E16D-C01D-4D16-B6B0-9B83D590783F}.Debug|Any CPU.Build.0 = Debug|Any CPU
		{3FF3E16D-C01D-4D16-B6B0-9B83D590783F}.Release|Any CPU.ActiveCfg = Release|Any CPU
		{3FF3E16D-C01D-4D16-B6B0-9B83D590783F}.Release|Any CPU.Build.0 = Release|Any CPU
		{E3C840E7-305F-41B8-A5FB-5B65086AF7D4}.Debug|Any CPU.ActiveCfg = Debug|Any CPU
		{E3C840E7-305F-41B8-A5FB-5B65086AF7D4}.Debug|Any CPU.Build.0 = Debug|Any CPU
		{E3C840E7-305F-41B8-A5FB-5B65086AF7D4}.Release|Any CPU.ActiveCfg = Release|Any CPU
		{E3C840E7-305F-41B8-A5FB-5B65086AF7D4}.Release|Any CPU.Build.0 = Release|Any CPU
		{AD5C60EF-7E97-427A-A56A-657176F76DFA}.Debug|Any CPU.ActiveCfg = Debug|Any CPU
		{AD5C60EF-7E97-427A-A56A-657176F76DFA}.Debug|Any CPU.Build.0 = Debug|Any CPU
		{AD5C60EF-7E97-427A-A56A-657176F76DFA}.Release|Any CPU.ActiveCfg = Release|Any CPU
		{AD5C60EF-7E97-427A-A56A-657176F76DFA}.Release|Any CPU.Build.0 = Release|Any CPU
		{5917F408-B992-4B9C-9010-55A9134BC59B}.Debug|Any CPU.ActiveCfg = Debug|Any CPU
		{5917F408-B992-4B9C-9010-55A9134BC59B}.Debug|Any CPU.Build.0 = Debug|Any CPU
		{5917F408-B992-4B9C-9010-55A9134BC59B}.Release|Any CPU.ActiveCfg = Release|Any CPU
		{5917F408-B992-4B9C-9010-55A9134BC59B}.Release|Any CPU.Build.0 = Release|Any CPU
		{B8B657B5-E31C-4DD0-8B12-8101B344D238}.Debug|Any CPU.ActiveCfg = Debug|Any CPU
		{B8B657B5-E31C-4DD0-8B12-8101B344D238}.Debug|Any CPU.Build.0 = Debug|Any CPU
		{B8B657B5-E31C-4DD0-8B12-8101B344D238}.Release|Any CPU.ActiveCfg = Release|Any CPU
		{B8B657B5-E31C-4DD0-8B12-8101B344D238}.Release|Any CPU.Build.0 = Release|Any CPU
		{296E7FF4-6E73-42C9-97E9-DEE5866C45A5}.Debug|Any CPU.ActiveCfg = Debug|Any CPU
		{296E7FF4-6E73-42C9-97E9-DEE5866C45A5}.Debug|Any CPU.Build.0 = Debug|Any CPU
		{296E7FF4-6E73-42C9-97E9-DEE5866C45A5}.Release|Any CPU.ActiveCfg = Release|Any CPU
		{296E7FF4-6E73-42C9-97E9-DEE5866C45A5}.Release|Any CPU.Build.0 = Release|Any CPU
		{CFBDDC4B-9ADF-4A01-A4A6-22B6495228C8}.Debug|Any CPU.ActiveCfg = Debug|Any CPU
		{CFBDDC4B-9ADF-4A01-A4A6-22B6495228C8}.Debug|Any CPU.Build.0 = Debug|Any CPU
		{CFBDDC4B-9ADF-4A01-A4A6-22B6495228C8}.Release|Any CPU.ActiveCfg = Release|Any CPU
		{CFBDDC4B-9ADF-4A01-A4A6-22B6495228C8}.Release|Any CPU.Build.0 = Release|Any CPU
		{EE54D5BF-2000-4D97-AC39-9592095B3160}.Debug|Any CPU.ActiveCfg = Debug|Any CPU
		{EE54D5BF-2000-4D97-AC39-9592095B3160}.Debug|Any CPU.Build.0 = Debug|Any CPU
		{EE54D5BF-2000-4D97-AC39-9592095B3160}.Release|Any CPU.ActiveCfg = Release|Any CPU
		{EE54D5BF-2000-4D97-AC39-9592095B3160}.Release|Any CPU.Build.0 = Release|Any CPU
		{A304609E-FBDB-4D6E-83F9-374B4997341E}.Debug|Any CPU.ActiveCfg = Debug|Any CPU
		{A304609E-FBDB-4D6E-83F9-374B4997341E}.Debug|Any CPU.Build.0 = Debug|Any CPU
		{A304609E-FBDB-4D6E-83F9-374B4997341E}.Release|Any CPU.ActiveCfg = Release|Any CPU
		{A304609E-FBDB-4D6E-83F9-374B4997341E}.Release|Any CPU.Build.0 = Release|Any CPU
		{1BD3E620-3F9D-4440-89DD-DC12C05A7AA0}.Debug|Any CPU.ActiveCfg = Debug|Any CPU
		{1BD3E620-3F9D-4440-89DD-DC12C05A7AA0}.Debug|Any CPU.Build.0 = Debug|Any CPU
		{1BD3E620-3F9D-4440-89DD-DC12C05A7AA0}.Release|Any CPU.ActiveCfg = Release|Any CPU
		{1BD3E620-3F9D-4440-89DD-DC12C05A7AA0}.Release|Any CPU.Build.0 = Release|Any CPU
		{32A83EF0-2C86-4114-A0A8-41D5047224DD}.Debug|Any CPU.ActiveCfg = Debug|Any CPU
		{32A83EF0-2C86-4114-A0A8-41D5047224DD}.Debug|Any CPU.Build.0 = Debug|Any CPU
		{32A83EF0-2C86-4114-A0A8-41D5047224DD}.Release|Any CPU.ActiveCfg = Release|Any CPU
		{32A83EF0-2C86-4114-A0A8-41D5047224DD}.Release|Any CPU.Build.0 = Release|Any CPU
		{E9DC42AE-47A3-41AD-B7B6-AD7C1D83CD1D}.Debug|Any CPU.ActiveCfg = Debug|Any CPU
		{E9DC42AE-47A3-41AD-B7B6-AD7C1D83CD1D}.Debug|Any CPU.Build.0 = Debug|Any CPU
		{E9DC42AE-47A3-41AD-B7B6-AD7C1D83CD1D}.Release|Any CPU.ActiveCfg = Release|Any CPU
		{E9DC42AE-47A3-41AD-B7B6-AD7C1D83CD1D}.Release|Any CPU.Build.0 = Release|Any CPU
		{275D5733-11E0-4144-96A1-4993DF56B7C0}.Debug|Any CPU.ActiveCfg = Debug|Any CPU
		{275D5733-11E0-4144-96A1-4993DF56B7C0}.Debug|Any CPU.Build.0 = Debug|Any CPU
		{275D5733-11E0-4144-96A1-4993DF56B7C0}.Release|Any CPU.ActiveCfg = Release|Any CPU
		{275D5733-11E0-4144-96A1-4993DF56B7C0}.Release|Any CPU.Build.0 = Release|Any CPU
		{D1372F53-7A40-4E37-9E18-6313E3383AC1}.Debug|Any CPU.ActiveCfg = Debug|Any CPU
		{D1372F53-7A40-4E37-9E18-6313E3383AC1}.Debug|Any CPU.Build.0 = Debug|Any CPU
		{D1372F53-7A40-4E37-9E18-6313E3383AC1}.Release|Any CPU.ActiveCfg = Release|Any CPU
		{D1372F53-7A40-4E37-9E18-6313E3383AC1}.Release|Any CPU.Build.0 = Release|Any CPU
		{27787E4E-2A80-4804-8B97-3EB131A678F9}.Debug|Any CPU.ActiveCfg = Debug|Any CPU
		{27787E4E-2A80-4804-8B97-3EB131A678F9}.Debug|Any CPU.Build.0 = Debug|Any CPU
		{27787E4E-2A80-4804-8B97-3EB131A678F9}.Release|Any CPU.ActiveCfg = Release|Any CPU
		{27787E4E-2A80-4804-8B97-3EB131A678F9}.Release|Any CPU.Build.0 = Release|Any CPU
		{1863A417-1E57-43A0-8DB5-A748B403AAFF}.Debug|Any CPU.ActiveCfg = Debug|Any CPU
		{1863A417-1E57-43A0-8DB5-A748B403AAFF}.Debug|Any CPU.Build.0 = Debug|Any CPU
		{1863A417-1E57-43A0-8DB5-A748B403AAFF}.Release|Any CPU.ActiveCfg = Release|Any CPU
		{1863A417-1E57-43A0-8DB5-A748B403AAFF}.Release|Any CPU.Build.0 = Release|Any CPU
		{AC51737D-66C8-4805-A290-1E33C3BFBD4F}.Debug|Any CPU.ActiveCfg = Debug|Any CPU
		{AC51737D-66C8-4805-A290-1E33C3BFBD4F}.Debug|Any CPU.Build.0 = Debug|Any CPU
		{AC51737D-66C8-4805-A290-1E33C3BFBD4F}.Release|Any CPU.ActiveCfg = Release|Any CPU
		{AC51737D-66C8-4805-A290-1E33C3BFBD4F}.Release|Any CPU.Build.0 = Release|Any CPU
		{45670006-2F68-4F9E-9429-E8BC841ACE45}.Debug|Any CPU.ActiveCfg = Debug|Any CPU
		{45670006-2F68-4F9E-9429-E8BC841ACE45}.Debug|Any CPU.Build.0 = Debug|Any CPU
		{45670006-2F68-4F9E-9429-E8BC841ACE45}.Release|Any CPU.ActiveCfg = Release|Any CPU
		{45670006-2F68-4F9E-9429-E8BC841ACE45}.Release|Any CPU.Build.0 = Release|Any CPU
		{7AA4CCE8-A6AF-481E-8E71-683E8C1F19E4}.Debug|Any CPU.ActiveCfg = Debug|Any CPU
		{7AA4CCE8-A6AF-481E-8E71-683E8C1F19E4}.Debug|Any CPU.Build.0 = Debug|Any CPU
		{7AA4CCE8-A6AF-481E-8E71-683E8C1F19E4}.Release|Any CPU.ActiveCfg = Release|Any CPU
		{7AA4CCE8-A6AF-481E-8E71-683E8C1F19E4}.Release|Any CPU.Build.0 = Release|Any CPU
		{EE7F09A8-09BE-4CF0-92AA-66AE28377FF6}.Debug|Any CPU.ActiveCfg = Debug|Any CPU
		{EE7F09A8-09BE-4CF0-92AA-66AE28377FF6}.Debug|Any CPU.Build.0 = Debug|Any CPU
		{EE7F09A8-09BE-4CF0-92AA-66AE28377FF6}.Release|Any CPU.ActiveCfg = Release|Any CPU
		{EE7F09A8-09BE-4CF0-92AA-66AE28377FF6}.Release|Any CPU.Build.0 = Release|Any CPU
		{85C6B3A2-7F93-4132-8431-5F6DBA051244}.Debug|Any CPU.ActiveCfg = Debug|Any CPU
		{85C6B3A2-7F93-4132-8431-5F6DBA051244}.Debug|Any CPU.Build.0 = Debug|Any CPU
		{85C6B3A2-7F93-4132-8431-5F6DBA051244}.Release|Any CPU.ActiveCfg = Release|Any CPU
		{85C6B3A2-7F93-4132-8431-5F6DBA051244}.Release|Any CPU.Build.0 = Release|Any CPU
	EndGlobalSection
	GlobalSection(NestedProjects) = preSolution
		{913DE876-E608-4685-BDF3-BA74FE670C5B} = {2BF2E13B-6147-4490-91E6-E1BAD0F25D2D}
		{5404660D-D1A5-44AA-97B2-F58FBE80204F} = {913DE876-E608-4685-BDF3-BA74FE670C5B}
		{18321649-2BCC-4C55-B93B-188C0193E4F1} = {913DE876-E608-4685-BDF3-BA74FE670C5B}
		{4C19E14C-AE07-440B-B365-4C33BB2B4393} = {913DE876-E608-4685-BDF3-BA74FE670C5B}
		{972469CB-030F-4036-9CA0-EE0F7009D2A8} = {913DE876-E608-4685-BDF3-BA74FE670C5B}
		{0BBEE4A4-3B38-4504-B7CA-47C588768DD5} = {54ADA593-25B9-4DF5-A733-03D0C1E35236}
		{4524DFB6-B8E7-4BC2-9FCD-4FEA832E2F2A} = {0BBEE4A4-3B38-4504-B7CA-47C588768DD5}
		{AEF798EF-9C24-4C47-905C-2AABF20D8A16} = {0BBEE4A4-3B38-4504-B7CA-47C588768DD5}
		{55136E86-B1A8-4C40-9575-A5459D773792} = {0BBEE4A4-3B38-4504-B7CA-47C588768DD5}
		{3FF3E16D-C01D-4D16-B6B0-9B83D590783F} = {0BBEE4A4-3B38-4504-B7CA-47C588768DD5}
		{AEF5BD5F-A700-4B08-9972-95C4CCBFA896} = {DFE812A1-9A29-48B0-8C8B-F613BECD7EB9}
		{E3C840E7-305F-41B8-A5FB-5B65086AF7D4} = {AEF5BD5F-A700-4B08-9972-95C4CCBFA896}
		{AD5C60EF-7E97-427A-A56A-657176F76DFA} = {AEF5BD5F-A700-4B08-9972-95C4CCBFA896}
		{5917F408-B992-4B9C-9010-55A9134BC59B} = {AEF5BD5F-A700-4B08-9972-95C4CCBFA896}
		{B8B657B5-E31C-4DD0-8B12-8101B344D238} = {AEF5BD5F-A700-4B08-9972-95C4CCBFA896}
		{BFD8F660-6C1B-428C-A044-1D8099B4A548} = {E1D22614-C822-43ED-B5F8-78C6ADDB6570}
		{296E7FF4-6E73-42C9-97E9-DEE5866C45A5} = {BFD8F660-6C1B-428C-A044-1D8099B4A548}
		{CFBDDC4B-9ADF-4A01-A4A6-22B6495228C8} = {BFD8F660-6C1B-428C-A044-1D8099B4A548}
		{EE54D5BF-2000-4D97-AC39-9592095B3160} = {BFD8F660-6C1B-428C-A044-1D8099B4A548}
		{A304609E-FBDB-4D6E-83F9-374B4997341E} = {BFD8F660-6C1B-428C-A044-1D8099B4A548}
		{E1461D86-545D-4053-9010-3DF2C0522DE3} = {78E60F53-C70D-4173-8BC9-3E21BE8572C8}
		{1BD3E620-3F9D-4440-89DD-DC12C05A7AA0} = {E1461D86-545D-4053-9010-3DF2C0522DE3}
		{32A83EF0-2C86-4114-A0A8-41D5047224DD} = {E1461D86-545D-4053-9010-3DF2C0522DE3}
		{E9DC42AE-47A3-41AD-B7B6-AD7C1D83CD1D} = {E1461D86-545D-4053-9010-3DF2C0522DE3}
		{275D5733-11E0-4144-96A1-4993DF56B7C0} = {E1461D86-545D-4053-9010-3DF2C0522DE3}
		{D7A5EFFC-CD18-4F1A-B99A-2EF5E7785073} = {D82EC59E-4970-481E-B625-728D6AE352F2}
		{D1372F53-7A40-4E37-9E18-6313E3383AC1} = {D7A5EFFC-CD18-4F1A-B99A-2EF5E7785073}
		{27787E4E-2A80-4804-8B97-3EB131A678F9} = {D7A5EFFC-CD18-4F1A-B99A-2EF5E7785073}
		{1863A417-1E57-43A0-8DB5-A748B403AAFF} = {D7A5EFFC-CD18-4F1A-B99A-2EF5E7785073}
		{AC51737D-66C8-4805-A290-1E33C3BFBD4F} = {D7A5EFFC-CD18-4F1A-B99A-2EF5E7785073}
		{E2FAF915-B06E-4383-9AD6-48BEA67160C8} = {F0A82744-0E2C-452F-A70A-4F8EB0B8ABB7}
		{45670006-2F68-4F9E-9429-E8BC841ACE45} = {E2FAF915-B06E-4383-9AD6-48BEA67160C8}
		{7AA4CCE8-A6AF-481E-8E71-683E8C1F19E4} = {E2FAF915-B06E-4383-9AD6-48BEA67160C8}
		{EE7F09A8-09BE-4CF0-92AA-66AE28377FF6} = {E2FAF915-B06E-4383-9AD6-48BEA67160C8}
		{85C6B3A2-7F93-4132-8431-5F6DBA051244} = {E2FAF915-B06E-4383-9AD6-48BEA67160C8}
	EndGlobalSection
EndGlobal
