
Microsoft Visual Studio Solution File, Format Version 12.00
# Visual Studio Version 17
VisualStudioVersion = 17.0.31903.59
MinimumVisualStudioVersion = 10.0.40219.1
Project("{FAE04EC0-301F-11D3-BF4B-00C04F79EFBC}") = "ProductService.API", "ProductService.API\ProductService.API.csproj", "{C6CC0466-BF5A-4A0D-B078-6CAED3DE6D72}"
EndProject
Project("{FAE04EC0-301F-11D3-BF4B-00C04F79EFBC}") = "ProductService.Application", "ProductService.Application\ProductService.Application.csproj", "{622C4F31-F49D-461F-A44E-6C6E495F0B83}"
EndProject
Project("{FAE04EC0-301F-11D3-BF4B-00C04F79EFBC}") = "ProductService.Domain", "ProductService.Domain\ProductService.Domain.csproj", "{1E4F7F01-D7EE-4F36-B987-B3675906D730}"
EndProject
Project("{FAE04EC0-301F-11D3-BF4B-00C04F79EFBC}") = "ProductService.Infrastructure", "ProductService.Infrastructure\ProductService.Infrastructure.csproj", "{95E497D7-FD11-4382-BB96-BB785C00C72D}"
EndProject
Global
	GlobalSection(SolutionConfigurationPlatforms) = preSolution
		Debug|Any CPU = Debug|Any CPU
		Release|Any CPU = Release|Any CPU
	EndGlobalSection
	GlobalSection(SolutionProperties) = preSolution
		HideSolutionNode = FALSE
	EndGlobalSection
	GlobalSection(ProjectConfigurationPlatforms) = postSolution
		{C6CC0466-BF5A-4A0D-B078-6CAED3DE6D72}.Debug|Any CPU.ActiveCfg = Debug|Any CPU
		{C6CC0466-BF5A-4A0D-B078-6CAED3DE6D72}.Debug|Any CPU.Build.0 = Debug|Any CPU
		{C6CC0466-BF5A-4A0D-B078-6CAED3DE6D72}.Release|Any CPU.ActiveCfg = Release|Any CPU
		{C6CC0466-BF5A-4A0D-B078-6CAED3DE6D72}.Release|Any CPU.Build.0 = Release|Any CPU
		{622C4F31-F49D-461F-A44E-6C6E495F0B83}.Debug|Any CPU.ActiveCfg = Debug|Any CPU
		{622C4F31-F49D-461F-A44E-6C6E495F0B83}.Debug|Any CPU.Build.0 = Debug|Any CPU
		{622C4F31-F49D-461F-A44E-6C6E495F0B83}.Release|Any CPU.ActiveCfg = Release|Any CPU
		{622C4F31-F49D-461F-A44E-6C6E495F0B83}.Release|Any CPU.Build.0 = Release|Any CPU
		{1E4F7F01-D7EE-4F36-B987-B3675906D730}.Debug|Any CPU.ActiveCfg = Debug|Any CPU
		{1E4F7F01-D7EE-4F36-B987-B3675906D730}.Debug|Any CPU.Build.0 = Debug|Any CPU
		{1E4F7F01-D7EE-4F36-B987-B3675906D730}.Release|Any CPU.ActiveCfg = Release|Any CPU
		{1E4F7F01-D7EE-4F36-B987-B3675906D730}.Release|Any CPU.Build.0 = Release|Any CPU
		{95E497D7-FD11-4382-BB96-BB785C00C72D}.Debug|Any CPU.ActiveCfg = Debug|Any CPU
		{95E497D7-FD11-4382-BB96-BB785C00C72D}.Debug|Any CPU.Build.0 = Debug|Any CPU
		{95E497D7-FD11-4382-BB96-BB785C00C72D}.Release|Any CPU.ActiveCfg = Release|Any CPU
		{95E497D7-FD11-4382-BB96-BB785C00C72D}.Release|Any CPU.Build.0 = Release|Any CPU
	EndGlobalSection
EndGlobal
