
Microsoft Visual Studio Solution File, Format Version 12.00
# Visual Studio Version 17
VisualStudioVersion = 17.0.31903.59
MinimumVisualStudioVersion = 10.0.40219.1
Project("{FAE04EC0-301F-11D3-BF4B-00C04F79EFBC}") = "PaymentService.API", "PaymentService.API\PaymentService.API.csproj", "{E8042FEF-9A8B-4748-B362-02B65F280FFB}"
EndProject
Project("{FAE04EC0-301F-11D3-BF4B-00C04F79EFBC}") = "PaymentService.Application", "PaymentService.Application\PaymentService.Application.csproj", "{FCC1CAA3-33E8-4985-A3D2-B41F2A2239B1}"
EndProject
Project("{FAE04EC0-301F-11D3-BF4B-00C04F79EFBC}") = "PaymentService.Domain", "PaymentService.Domain\PaymentService.Domain.csproj", "{23A32CF7-54AC-4BAB-9E3A-B8A21BDA13E5}"
EndProject
Project("{FAE04EC0-301F-11D3-BF4B-00C04F79EFBC}") = "PaymentService.Infrastructure", "PaymentService.Infrastructure\PaymentService.Infrastructure.csproj", "{5346764B-CF48-475F-9392-E7A34DE31A5F}"
EndProject
Global
	GlobalSection(SolutionConfigurationPlatforms) = preSolution
		Debug|Any CPU = Debug|Any CPU
		Release|Any CPU = Release|Any CPU
	EndGlobalSection
	GlobalSection(SolutionProperties) = preSolution
		HideSolutionNode = FALSE
	EndGlobalSection
	GlobalSection(ProjectConfigurationPlatforms) = postSolution
		{E8042FEF-9A8B-4748-B362-02B65F280FFB}.Debug|Any CPU.ActiveCfg = Debug|Any CPU
		{E8042FEF-9A8B-4748-B362-02B65F280FFB}.Debug|Any CPU.Build.0 = Debug|Any CPU
		{E8042FEF-9A8B-4748-B362-02B65F280FFB}.Release|Any CPU.ActiveCfg = Release|Any CPU
		{E8042FEF-9A8B-4748-B362-02B65F280FFB}.Release|Any CPU.Build.0 = Release|Any CPU
		{FCC1CAA3-33E8-4985-A3D2-B41F2A2239B1}.Debug|Any CPU.ActiveCfg = Debug|Any CPU
		{FCC1CAA3-33E8-4985-A3D2-B41F2A2239B1}.Debug|Any CPU.Build.0 = Debug|Any CPU
		{FCC1CAA3-33E8-4985-A3D2-B41F2A2239B1}.Release|Any CPU.ActiveCfg = Release|Any CPU
		{FCC1CAA3-33E8-4985-A3D2-B41F2A2239B1}.Release|Any CPU.Build.0 = Release|Any CPU
		{23A32CF7-54AC-4BAB-9E3A-B8A21BDA13E5}.Debug|Any CPU.ActiveCfg = Debug|Any CPU
		{23A32CF7-54AC-4BAB-9E3A-B8A21BDA13E5}.Debug|Any CPU.Build.0 = Debug|Any CPU
		{23A32CF7-54AC-4BAB-9E3A-B8A21BDA13E5}.Release|Any CPU.ActiveCfg = Release|Any CPU
		{23A32CF7-54AC-4BAB-9E3A-B8A21BDA13E5}.Release|Any CPU.Build.0 = Release|Any CPU
		{5346764B-CF48-475F-9392-E7A34DE31A5F}.Debug|Any CPU.ActiveCfg = Debug|Any CPU
		{5346764B-CF48-475F-9392-E7A34DE31A5F}.Debug|Any CPU.Build.0 = Debug|Any CPU
		{5346764B-CF48-475F-9392-E7A34DE31A5F}.Release|Any CPU.ActiveCfg = Release|Any CPU
		{5346764B-CF48-475F-9392-E7A34DE31A5F}.Release|Any CPU.Build.0 = Release|Any CPU
	EndGlobalSection
EndGlobal
